PODS:
  - SnapKit (5.0.0)
  - SPCommonLibrary/Public (0.0.1.20):
    - SnapKit
  - SPCommonLibrary/Share (0.0.1.20):
    - SnapKit

DEPENDENCIES:
  - SPCommonLibrary/Public
  - SPCommonLibrary/Share

SPEC REPOS:
  https://github.com/cocoapods/specs.git:
    - SnapKit
  https://github.com/peng1207/huangshupengSpecs.git:
    - SPCommonLibrary

SPEC CHECKSUMS:
  SnapKit: fd22d10eb9aff484d79a8724eab922c1ddf89bcf
  SPCommonLibrary: b8f26d3a711b74947c325fae82bbfa147789b976

PODFILE CHECKSUM: 1258f0a712040bb77f79830944fdb9e230d96809

COCOAPODS: 1.7.4
