// !$*UTF8*$!
{
	archiveVersion = 1;
	classes = {
	};
	objectVersion = 50;
	objects = {

/* Begin PBXBuildFile section */
		9E2C6E4C211F4ADD00091EF6 /* AppDelegate.swift in Sources */ = {isa = PBXBuildFile; fileRef = 9E2C6E4B211F4ADD00091EF6 /* AppDelegate.swift */; };
		9E2C6E4E211F4ADD00091EF6 /* ViewController.swift in Sources */ = {isa = PBXBuildFile; fileRef = 9E2C6E4D211F4ADD00091EF6 /* ViewController.swift */; };
		9E2C6E51211F4ADD00091EF6 /* Main.storyboard in Resources */ = {isa = PBXBuildFile; fileRef = 9E2C6E4F211F4ADD00091EF6 /* Main.storyboard */; };
		9E2C6E53211F4ADE00091EF6 /* Assets.xcassets in Resources */ = {isa = PBXBuildFile; fileRef = 9E2C6E52211F4ADE00091EF6 /* Assets.xcassets */; };
		9E2C6E56211F4ADE00091EF6 /* LaunchScreen.storyboard in Resources */ = {isa = PBXBuildFile; fileRef = 9E2C6E54211F4ADE00091EF6 /* LaunchScreen.storyboard */; };
		9E2C6E61211F4ADF00091EF6 /* ScanProjectTests.swift in Sources */ = {isa = PBXBuildFile; fileRef = 9E2C6E60211F4ADF00091EF6 /* ScanProjectTests.swift */; };
		9E2C6E6C211F4ADF00091EF6 /* ScanProjectUITests.swift in Sources */ = {isa = PBXBuildFile; fileRef = 9E2C6E6B211F4ADF00091EF6 /* ScanProjectUITests.swift */; };
/* End PBXBuildFile section */

/* Begin PBXContainerItemProxy section */
		9E2C6E5D211F4ADF00091EF6 /* PBXContainerItemProxy */ = {
			isa = PBXContainerItemProxy;
			containerPortal = 9E2C6E40211F4ADD00091EF6 /* Project object */;
			proxyType = 1;
			remoteGlobalIDString = 9E2C6E47211F4ADD00091EF6;
			remoteInfo = ScanProject;
		};
		9E2C6E68211F4ADF00091EF6 /* PBXContainerItemProxy */ = {
			isa = PBXContainerItemProxy;
			containerPortal = 9E2C6E40211F4ADD00091EF6 /* Project object */;
			proxyType = 1;
			remoteGlobalIDString = 9E2C6E47211F4ADD00091EF6;
			remoteInfo = ScanProject;
		};
/* End PBXContainerItemProxy section */

/* Begin PBXFileReference section */
		9E2C6E48211F4ADD00091EF6 /* ScanProject.app */ = {isa = PBXFileReference; explicitFileType = wrapper.application; includeInIndex = 0; path = ScanProject.app; sourceTree = BUILT_PRODUCTS_DIR; };
		9E2C6E4B211F4ADD00091EF6 /* AppDelegate.swift */ = {isa = PBXFileReference; lastKnownFileType = sourcecode.swift; path = AppDelegate.swift; sourceTree = "<group>"; };
		9E2C6E4D211F4ADD00091EF6 /* ViewController.swift */ = {isa = PBXFileReference; lastKnownFileType = sourcecode.swift; path = ViewController.swift; sourceTree = "<group>"; };
		9E2C6E50211F4ADD00091EF6 /* Base */ = {isa = PBXFileReference; lastKnownFileType = file.storyboard; name = Base; path = Base.lproj/Main.storyboard; sourceTree = "<group>"; };
		9E2C6E52211F4ADE00091EF6 /* Assets.xcassets */ = {isa = PBXFileReference; lastKnownFileType = folder.assetcatalog; path = Assets.xcassets; sourceTree = "<group>"; };
		9E2C6E55211F4ADE00091EF6 /* Base */ = {isa = PBXFileReference; lastKnownFileType = file.storyboard; name = Base; path = Base.lproj/LaunchScreen.storyboard; sourceTree = "<group>"; };
		9E2C6E57211F4ADE00091EF6 /* Info.plist */ = {isa = PBXFileReference; lastKnownFileType = text.plist.xml; path = Info.plist; sourceTree = "<group>"; };
		9E2C6E5C211F4ADF00091EF6 /* ScanProjectTests.xctest */ = {isa = PBXFileReference; explicitFileType = wrapper.cfbundle; includeInIndex = 0; path = ScanProjectTests.xctest; sourceTree = BUILT_PRODUCTS_DIR; };
		9E2C6E60211F4ADF00091EF6 /* ScanProjectTests.swift */ = {isa = PBXFileReference; lastKnownFileType = sourcecode.swift; path = ScanProjectTests.swift; sourceTree = "<group>"; };
		9E2C6E62211F4ADF00091EF6 /* Info.plist */ = {isa = PBXFileReference; lastKnownFileType = text.plist.xml; path = Info.plist; sourceTree = "<group>"; };
		9E2C6E67211F4ADF00091EF6 /* ScanProjectUITests.xctest */ = {isa = PBXFileReference; explicitFileType = wrapper.cfbundle; includeInIndex = 0; path = ScanProjectUITests.xctest; sourceTree = BUILT_PRODUCTS_DIR; };
		9E2C6E6B211F4ADF00091EF6 /* ScanProjectUITests.swift */ = {isa = PBXFileReference; lastKnownFileType = sourcecode.swift; path = ScanProjectUITests.swift; sourceTree = "<group>"; };
		9E2C6E6D211F4ADF00091EF6 /* Info.plist */ = {isa = PBXFileReference; lastKnownFileType = text.plist.xml; path = Info.plist; sourceTree = "<group>"; };
/* End PBXFileReference section */

/* Begin PBXFrameworksBuildPhase section */
		9E2C6E45211F4ADD00091EF6 /* Frameworks */ = {
			isa = PBXFrameworksBuildPhase;
			buildActionMask = 2147483647;
			files = (
			);
			runOnlyForDeploymentPostprocessing = 0;
		};
		9E2C6E59211F4ADF00091EF6 /* Frameworks */ = {
			isa = PBXFrameworksBuildPhase;
			buildActionMask = 2147483647;
			files = (
			);
			runOnlyForDeploymentPostprocessing = 0;
		};
		9E2C6E64211F4ADF00091EF6 /* Frameworks */ = {
			isa = PBXFrameworksBuildPhase;
			buildActionMask = 2147483647;
			files = (
			);
			runOnlyForDeploymentPostprocessing = 0;
		};
/* End PBXFrameworksBuildPhase section */

/* Begin PBXGroup section */
		9E2C6E3F211F4ADD00091EF6 = {
			isa = PBXGroup;
			children = (
				9E2C6E4A211F4ADD00091EF6 /* ScanProject */,
				9E2C6E5F211F4ADF00091EF6 /* ScanProjectTests */,
				9E2C6E6A211F4ADF00091EF6 /* ScanProjectUITests */,
				9E2C6E49211F4ADD00091EF6 /* Products */,
			);
			sourceTree = "<group>";
		};
		9E2C6E49211F4ADD00091EF6 /* Products */ = {
			isa = PBXGroup;
			children = (
				9E2C6E48211F4ADD00091EF6 /* ScanProject.app */,
				9E2C6E5C211F4ADF00091EF6 /* ScanProjectTests.xctest */,
				9E2C6E67211F4ADF00091EF6 /* ScanProjectUITests.xctest */,
			);
			name = Products;
			sourceTree = "<group>";
		};
		9E2C6E4A211F4ADD00091EF6 /* ScanProject */ = {
			isa = PBXGroup;
			children = (
				9E2C6E4B211F4ADD00091EF6 /* AppDelegate.swift */,
				9E2C6E4D211F4ADD00091EF6 /* ViewController.swift */,
				9E2C6E4F211F4ADD00091EF6 /* Main.storyboard */,
				9E2C6E52211F4ADE00091EF6 /* Assets.xcassets */,
				9E2C6E54211F4ADE00091EF6 /* LaunchScreen.storyboard */,
				9E2C6E57211F4ADE00091EF6 /* Info.plist */,
			);
			path = ScanProject;
			sourceTree = "<group>";
		};
		9E2C6E5F211F4ADF00091EF6 /* ScanProjectTests */ = {
			isa = PBXGroup;
			children = (
				9E2C6E60211F4ADF00091EF6 /* ScanProjectTests.swift */,
				9E2C6E62211F4ADF00091EF6 /* Info.plist */,
			);
			path = ScanProjectTests;
			sourceTree = "<group>";
		};
		9E2C6E6A211F4ADF00091EF6 /* ScanProjectUITests */ = {
			isa = PBXGroup;
			children = (
				9E2C6E6B211F4ADF00091EF6 /* ScanProjectUITests.swift */,
				9E2C6E6D211F4ADF00091EF6 /* Info.plist */,
			);
			path = ScanProjectUITests;
			sourceTree = "<group>";
		};
/* End PBXGroup section */

/* Begin PBXNativeTarget section */
		9E2C6E47211F4ADD00091EF6 /* ScanProject */ = {
			isa = PBXNativeTarget;
			buildConfigurationList = 9E2C6E70211F4ADF00091EF6 /* Build configuration list for PBXNativeTarget "ScanProject" */;
			buildPhases = (
				9E2C6E44211F4ADD00091EF6 /* Sources */,
				9E2C6E45211F4ADD00091EF6 /* Frameworks */,
				9E2C6E46211F4ADD00091EF6 /* Resources */,
			);
			buildRules = (
			);
			dependencies = (
			);
			name = ScanProject;
			productName = ScanProject;
			productReference = 9E2C6E48211F4ADD00091EF6 /* ScanProject.app */;
			productType = "com.apple.product-type.application";
		};
		9E2C6E5B211F4ADF00091EF6 /* ScanProjectTests */ = {
			isa = PBXNativeTarget;
			buildConfigurationList = 9E2C6E73211F4ADF00091EF6 /* Build configuration list for PBXNativeTarget "ScanProjectTests" */;
			buildPhases = (
				9E2C6E58211F4ADF00091EF6 /* Sources */,
				9E2C6E59211F4ADF00091EF6 /* Frameworks */,
				9E2C6E5A211F4ADF00091EF6 /* Resources */,
			);
			buildRules = (
			);
			dependencies = (
				9E2C6E5E211F4ADF00091EF6 /* PBXTargetDependency */,
			);
			name = ScanProjectTests;
			productName = ScanProjectTests;
			productReference = 9E2C6E5C211F4ADF00091EF6 /* ScanProjectTests.xctest */;
			productType = "com.apple.product-type.bundle.unit-test";
		};
		9E2C6E66211F4ADF00091EF6 /* ScanProjectUITests */ = {
			isa = PBXNativeTarget;
			buildConfigurationList = 9E2C6E76211F4ADF00091EF6 /* Build configuration list for PBXNativeTarget "ScanProjectUITests" */;
			buildPhases = (
				9E2C6E63211F4ADF00091EF6 /* Sources */,
				9E2C6E64211F4ADF00091EF6 /* Frameworks */,
				9E2C6E65211F4ADF00091EF6 /* Resources */,
			);
			buildRules = (
			);
			dependencies = (
				9E2C6E69211F4ADF00091EF6 /* PBXTargetDependency */,
			);
			name = ScanProjectUITests;
			productName = ScanProjectUITests;
			productReference = 9E2C6E67211F4ADF00091EF6 /* ScanProjectUITests.xctest */;
			productType = "com.apple.product-type.bundle.ui-testing";
		};
/* End PBXNativeTarget section */

/* Begin PBXProject section */
		9E2C6E40211F4ADD00091EF6 /* Project object */ = {
			isa = PBXProject;
			attributes = {
				LastSwiftUpdateCheck = 0940;
				LastUpgradeCheck = 0940;
				ORGANIZATIONNAME = shupenghuang;
				TargetAttributes = {
					9E2C6E47211F4ADD00091EF6 = {
						CreatedOnToolsVersion = 9.4.1;
					};
					9E2C6E5B211F4ADF00091EF6 = {
						CreatedOnToolsVersion = 9.4.1;
						TestTargetID = 9E2C6E47211F4ADD00091EF6;
					};
					9E2C6E66211F4ADF00091EF6 = {
						CreatedOnToolsVersion = 9.4.1;
						TestTargetID = 9E2C6E47211F4ADD00091EF6;
					};
				};
			};
			buildConfigurationList = 9E2C6E43211F4ADD00091EF6 /* Build configuration list for PBXProject "ScanProject" */;
			compatibilityVersion = "Xcode 9.3";
			developmentRegion = en;
			hasScannedForEncodings = 0;
			knownRegions = (
				en,
				Base,
			);
			mainGroup = 9E2C6E3F211F4ADD00091EF6;
			productRefGroup = 9E2C6E49211F4ADD00091EF6 /* Products */;
			projectDirPath = "";
			projectRoot = "";
			targets = (
				9E2C6E47211F4ADD00091EF6 /* ScanProject */,
				9E2C6E5B211F4ADF00091EF6 /* ScanProjectTests */,
				9E2C6E66211F4ADF00091EF6 /* ScanProjectUITests */,
			);
		};
/* End PBXProject section */

/* Begin PBXResourcesBuildPhase section */
		9E2C6E46211F4ADD00091EF6 /* Resources */ = {
			isa = PBXResourcesBuildPhase;
			buildActionMask = 2147483647;
			files = (
				9E2C6E56211F4ADE00091EF6 /* LaunchScreen.storyboard in Resources */,
				9E2C6E53211F4ADE00091EF6 /* Assets.xcassets in Resources */,
				9E2C6E51211F4ADD00091EF6 /* Main.storyboard in Resources */,
			);
			runOnlyForDeploymentPostprocessing = 0;
		};
		9E2C6E5A211F4ADF00091EF6 /* Resources */ = {
			isa = PBXResourcesBuildPhase;
			buildActionMask = 2147483647;
			files = (
			);
			runOnlyForDeploymentPostprocessing = 0;
		};
		9E2C6E65211F4ADF00091EF6 /* Resources */ = {
			isa = PBXResourcesBuildPhase;
			buildActionMask = 2147483647;
			files = (
			);
			runOnlyForDeploymentPostprocessing = 0;
		};
/* End PBXResourcesBuildPhase section */

/* Begin PBXSourcesBuildPhase section */
		9E2C6E44211F4ADD00091EF6 /* Sources */ = {
			isa = PBXSourcesBuildPhase;
			buildActionMask = 2147483647;
			files = (
				9E2C6E4E211F4ADD00091EF6 /* ViewController.swift in Sources */,
				9E2C6E4C211F4ADD00091EF6 /* AppDelegate.swift in Sources */,
			);
			runOnlyForDeploymentPostprocessing = 0;
		};
		9E2C6E58211F4ADF00091EF6 /* Sources */ = {
			isa = PBXSourcesBuildPhase;
			buildActionMask = 2147483647;
			files = (
				9E2C6E61211F4ADF00091EF6 /* ScanProjectTests.swift in Sources */,
			);
			runOnlyForDeploymentPostprocessing = 0;
		};
		9E2C6E63211F4ADF00091EF6 /* Sources */ = {
			isa = PBXSourcesBuildPhase;
			buildActionMask = 2147483647;
			files = (
				9E2C6E6C211F4ADF00091EF6 /* ScanProjectUITests.swift in Sources */,
			);
			runOnlyForDeploymentPostprocessing = 0;
		};
/* End PBXSourcesBuildPhase section */

/* Begin PBXTargetDependency section */
		9E2C6E5E211F4ADF00091EF6 /* PBXTargetDependency */ = {
			isa = PBXTargetDependency;
			target = 9E2C6E47211F4ADD00091EF6 /* ScanProject */;
			targetProxy = 9E2C6E5D211F4ADF00091EF6 /* PBXContainerItemProxy */;
		};
		9E2C6E69211F4ADF00091EF6 /* PBXTargetDependency */ = {
			isa = PBXTargetDependency;
			target = 9E2C6E47211F4ADD00091EF6 /* ScanProject */;
			targetProxy = 9E2C6E68211F4ADF00091EF6 /* PBXContainerItemProxy */;
		};
/* End PBXTargetDependency section */

/* Begin PBXVariantGroup section */
		9E2C6E4F211F4ADD00091EF6 /* Main.storyboard */ = {
			isa = PBXVariantGroup;
			children = (
				9E2C6E50211F4ADD00091EF6 /* Base */,
			);
			name = Main.storyboard;
			sourceTree = "<group>";
		};
		9E2C6E54211F4ADE00091EF6 /* LaunchScreen.storyboard */ = {
			isa = PBXVariantGroup;
			children = (
				9E2C6E55211F4ADE00091EF6 /* Base */,
			);
			name = LaunchScreen.storyboard;
			sourceTree = "<group>";
		};
/* End PBXVariantGroup section */

/* Begin XCBuildConfiguration section */
		9E2C6E6E211F4ADF00091EF6 /* Debug */ = {
			isa = XCBuildConfiguration;
			buildSettings = {
				ALWAYS_SEARCH_USER_PATHS = NO;
				CLANG_ANALYZER_NONNULL = YES;
				CLANG_ANALYZER_NUMBER_OBJECT_CONVERSION = YES_AGGRESSIVE;
				CLANG_CXX_LANGUAGE_STANDARD = "gnu++14";
				CLANG_CXX_LIBRARY = "libc++";
				CLANG_ENABLE_MODULES = YES;
				CLANG_ENABLE_OBJC_ARC = YES;
				CLANG_ENABLE_OBJC_WEAK = YES;
				CLANG_WARN_BLOCK_CAPTURE_AUTORELEASING = YES;
				CLANG_WARN_BOOL_CONVERSION = YES;
				CLANG_WARN_COMMA = YES;
				CLANG_WARN_CONSTANT_CONVERSION = YES;
				CLANG_WARN_DEPRECATED_OBJC_IMPLEMENTATIONS = YES;
				CLANG_WARN_DIRECT_OBJC_ISA_USAGE = YES_ERROR;
				CLANG_WARN_DOCUMENTATION_COMMENTS = YES;
				CLANG_WARN_EMPTY_BODY = YES;
				CLANG_WARN_ENUM_CONVERSION = YES;
				CLANG_WARN_INFINITE_RECURSION = YES;
				CLANG_WARN_INT_CONVERSION = YES;
				CLANG_WARN_NON_LITERAL_NULL_CONVERSION = YES;
				CLANG_WARN_OBJC_IMPLICIT_RETAIN_SELF = YES;
				CLANG_WARN_OBJC_LITERAL_CONVERSION = YES;
				CLANG_WARN_OBJC_ROOT_CLASS = YES_ERROR;
				CLANG_WARN_RANGE_LOOP_ANALYSIS = YES;
				CLANG_WARN_STRICT_PROTOTYPES = YES;
				CLANG_WARN_SUSPICIOUS_MOVE = YES;
				CLANG_WARN_UNGUARDED_AVAILABILITY = YES_AGGRESSIVE;
				CLANG_WARN_UNREACHABLE_CODE = YES;
				CLANG_WARN__DUPLICATE_METHOD_MATCH = YES;
				CODE_SIGN_IDENTITY = "iPhone Developer";
				COPY_PHASE_STRIP = NO;
				DEBUG_INFORMATION_FORMAT = dwarf;
				ENABLE_STRICT_OBJC_MSGSEND = YES;
				ENABLE_TESTABILITY = YES;
				GCC_C_LANGUAGE_STANDARD = gnu11;
				GCC_DYNAMIC_NO_PIC = NO;
				GCC_NO_COMMON_BLOCKS = YES;
				GCC_OPTIMIZATION_LEVEL = 0;
				GCC_PREPROCESSOR_DEFINITIONS = (
					"DEBUG=1",
					"$(inherited)",
				);
				GCC_WARN_64_TO_32_BIT_CONVERSION = YES;
				GCC_WARN_ABOUT_RETURN_TYPE = YES_ERROR;
				GCC_WARN_UNDECLARED_SELECTOR = YES;
				GCC_WARN_UNINITIALIZED_AUTOS = YES_AGGRESSIVE;
				GCC_WARN_UNUSED_FUNCTION = YES;
				GCC_WARN_UNUSED_VARIABLE = YES;
				IPHONEOS_DEPLOYMENT_TARGET = 11.4;
				MTL_ENABLE_DEBUG_INFO = YES;
				ONLY_ACTIVE_ARCH = YES;
				SDKROOT = iphoneos;
				SWIFT_ACTIVE_COMPILATION_CONDITIONS = DEBUG;
				SWIFT_OPTIMIZATION_LEVEL = "-Onone";
			};
			name = Debug;
		};
		9E2C6E6F211F4ADF00091EF6 /* Release */ = {
			isa = XCBuildConfiguration;
			buildSettings = {
				ALWAYS_SEARCH_USER_PATHS = NO;
				CLANG_ANALYZER_NONNULL = YES;
				CLANG_ANALYZER_NUMBER_OBJECT_CONVERSION = YES_AGGRESSIVE;
				CLANG_CXX_LANGUAGE_STANDARD = "gnu++14";
				CLANG_CXX_LIBRARY = "libc++";
				CLANG_ENABLE_MODULES = YES;
				CLANG_ENABLE_OBJC_ARC = YES;
				CLANG_ENABLE_OBJC_WEAK = YES;
				CLANG_WARN_BLOCK_CAPTURE_AUTORELEASING = YES;
				CLANG_WARN_BOOL_CONVERSION = YES;
				CLANG_WARN_COMMA = YES;
				CLANG_WARN_CONSTANT_CONVERSION = YES;
				CLANG_WARN_DEPRECATED_OBJC_IMPLEMENTATIONS = YES;
				CLANG_WARN_DIRECT_OBJC_ISA_USAGE = YES_ERROR;
				CLANG_WARN_DOCUMENTATION_COMMENTS = YES;
				CLANG_WARN_EMPTY_BODY = YES;
				CLANG_WARN_ENUM_CONVERSION = YES;
				CLANG_WARN_INFINITE_RECURSION = YES;
				CLANG_WARN_INT_CONVERSION = YES;
				CLANG_WARN_NON_LITERAL_NULL_CONVERSION = YES;
				CLANG_WARN_OBJC_IMPLICIT_RETAIN_SELF = YES;
				CLANG_WARN_OBJC_LITERAL_CONVERSION = YES;
				CLANG_WARN_OBJC_ROOT_CLASS = YES_ERROR;
				CLANG_WARN_RANGE_LOOP_ANALYSIS = YES;
				CLANG_WARN_STRICT_PROTOTYPES = YES;
				CLANG_WARN_SUSPICIOUS_MOVE = YES;
				CLANG_WARN_UNGUARDED_AVAILABILITY = YES_AGGRESSIVE;
				CLANG_WARN_UNREACHABLE_CODE = YES;
				CLANG_WARN__DUPLICATE_METHOD_MATCH = YES;
				CODE_SIGN_IDENTITY = "iPhone Developer";
				COPY_PHASE_STRIP = NO;
				DEBUG_INFORMATION_FORMAT = "dwarf-with-dsym";
				ENABLE_NS_ASSERTIONS = NO;
				ENABLE_STRICT_OBJC_MSGSEND = YES;
				GCC_C_LANGUAGE_STANDARD = gnu11;
				GCC_NO_COMMON_BLOCKS = YES;
				GCC_WARN_64_TO_32_BIT_CONVERSION = YES;
				GCC_WARN_ABOUT_RETURN_TYPE = YES_ERROR;
				GCC_WARN_UNDECLARED_SELECTOR = YES;
				GCC_WARN_UNINITIALIZED_AUTOS = YES_AGGRESSIVE;
				GCC_WARN_UNUSED_FUNCTION = YES;
				GCC_WARN_UNUSED_VARIABLE = YES;
				IPHONEOS_DEPLOYMENT_TARGET = 11.4;
				MTL_ENABLE_DEBUG_INFO = NO;
				SDKROOT = iphoneos;
				SWIFT_COMPILATION_MODE = wholemodule;
				SWIFT_OPTIMIZATION_LEVEL = "-O";
				VALIDATE_PRODUCT = YES;
			};
			name = Release;
		};
		9E2C6E71211F4ADF00091EF6 /* Debug */ = {
			isa = XCBuildConfiguration;
			buildSettings = {
				ASSETCATALOG_COMPILER_APPICON_NAME = AppIcon;
				CODE_SIGN_STYLE = Automatic;
				DEVELOPMENT_TEAM = 2X8ED8ZMS2;
				INFOPLIST_FILE = ScanProject/Info.plist;
				LD_RUNPATH_SEARCH_PATHS = (
					"$(inherited)",
					"@executable_path/Frameworks",
				);
				PRODUCT_BUNDLE_IDENTIFIER = com.shupenghuang.scan.ScanProject;
				PRODUCT_NAME = "$(TARGET_NAME)";
				SWIFT_VERSION = 4.0;
				TARGETED_DEVICE_FAMILY = "1,2";
			};
			name = Debug;
		};
		9E2C6E72211F4ADF00091EF6 /* Release */ = {
			isa = XCBuildConfiguration;
			buildSettings = {
				ASSETCATALOG_COMPILER_APPICON_NAME = AppIcon;
				CODE_SIGN_STYLE = Automatic;
				DEVELOPMENT_TEAM = 2X8ED8ZMS2;
				INFOPLIST_FILE = ScanProject/Info.plist;
				LD_RUNPATH_SEARCH_PATHS = (
					"$(inherited)",
					"@executable_path/Frameworks",
				);
				PRODUCT_BUNDLE_IDENTIFIER = com.shupenghuang.scan.ScanProject;
				PRODUCT_NAME = "$(TARGET_NAME)";
				SWIFT_VERSION = 4.0;
				TARGETED_DEVICE_FAMILY = "1,2";
			};
			name = Release;
		};
		9E2C6E74211F4ADF00091EF6 /* Debug */ = {
			isa = XCBuildConfiguration;
			buildSettings = {
				ALWAYS_EMBED_SWIFT_STANDARD_LIBRARIES = YES;
				BUNDLE_LOADER = "$(TEST_HOST)";
				CODE_SIGN_STYLE = Automatic;
				DEVELOPMENT_TEAM = 2X8ED8ZMS2;
				INFOPLIST_FILE = ScanProjectTests/Info.plist;
				LD_RUNPATH_SEARCH_PATHS = (
					"$(inherited)",
					"@executable_path/Frameworks",
					"@loader_path/Frameworks",
				);
				PRODUCT_BUNDLE_IDENTIFIER = com.shupenghuang.scan.ScanProjectTests;
				PRODUCT_NAME = "$(TARGET_NAME)";
				SWIFT_VERSION = 4.0;
				TARGETED_DEVICE_FAMILY = "1,2";
				TEST_HOST = "$(BUILT_PRODUCTS_DIR)/ScanProject.app/ScanProject";
			};
			name = Debug;
		};
		9E2C6E75211F4ADF00091EF6 /* Release */ = {
			isa = XCBuildConfiguration;
			buildSettings = {
				ALWAYS_EMBED_SWIFT_STANDARD_LIBRARIES = YES;
				BUNDLE_LOADER = "$(TEST_HOST)";
				CODE_SIGN_STYLE = Automatic;
				DEVELOPMENT_TEAM = 2X8ED8ZMS2;
				INFOPLIST_FILE = ScanProjectTests/Info.plist;
				LD_RUNPATH_SEARCH_PATHS = (
					"$(inherited)",
					"@executable_path/Frameworks",
					"@loader_path/Frameworks",
				);
				PRODUCT_BUNDLE_IDENTIFIER = com.shupenghuang.scan.ScanProjectTests;
				PRODUCT_NAME = "$(TARGET_NAME)";
				SWIFT_VERSION = 4.0;
				TARGETED_DEVICE_FAMILY = "1,2";
				TEST_HOST = "$(BUILT_PRODUCTS_DIR)/ScanProject.app/ScanProject";
			};
			name = Release;
		};
		9E2C6E77211F4ADF00091EF6 /* Debug */ = {
			isa = XCBuildConfiguration;
			buildSettings = {
				ALWAYS_EMBED_SWIFT_STANDARD_LIBRARIES = YES;
				CODE_SIGN_STYLE = Automatic;
				DEVELOPMENT_TEAM = 2X8ED8ZMS2;
				INFOPLIST_FILE = ScanProjectUITests/Info.plist;
				LD_RUNPATH_SEARCH_PATHS = (
					"$(inherited)",
					"@executable_path/Frameworks",
					"@loader_path/Frameworks",
				);
				PRODUCT_BUNDLE_IDENTIFIER = com.shupenghuang.scan.ScanProjectUITests;
				PRODUCT_NAME = "$(TARGET_NAME)";
				SWIFT_VERSION = 4.0;
				TARGETED_DEVICE_FAMILY = "1,2";
				TEST_TARGET_NAME = ScanProject;
			};
			name = Debug;
		};
		9E2C6E78211F4ADF00091EF6 /* Release */ = {
			isa = XCBuildConfiguration;
			buildSettings = {
				ALWAYS_EMBED_SWIFT_STANDARD_LIBRARIES = YES;
				CODE_SIGN_STYLE = Automatic;
				DEVELOPMENT_TEAM = 2X8ED8ZMS2;
				INFOPLIST_FILE = ScanProjectUITests/Info.plist;
				LD_RUNPATH_SEARCH_PATHS = (
					"$(inherited)",
					"@executable_path/Frameworks",
					"@loader_path/Frameworks",
				);
				PRODUCT_BUNDLE_IDENTIFIER = com.shupenghuang.scan.ScanProjectUITests;
				PRODUCT_NAME = "$(TARGET_NAME)";
				SWIFT_VERSION = 4.0;
				TARGETED_DEVICE_FAMILY = "1,2";
				TEST_TARGET_NAME = ScanProject;
			};
			name = Release;
		};
/* End XCBuildConfiguration section */

/* Begin XCConfigurationList section */
		9E2C6E43211F4ADD00091EF6 /* Build configuration list for PBXProject "ScanProject" */ = {
			isa = XCConfigurationList;
			buildConfigurations = (
				9E2C6E6E211F4ADF00091EF6 /* Debug */,
				9E2C6E6F211F4ADF00091EF6 /* Release */,
			);
			defaultConfigurationIsVisible = 0;
			defaultConfigurationName = Release;
		};
		9E2C6E70211F4ADF00091EF6 /* Build configuration list for PBXNativeTarget "ScanProject" */ = {
			isa = XCConfigurationList;
			buildConfigurations = (
				9E2C6E71211F4ADF00091EF6 /* Debug */,
				9E2C6E72211F4ADF00091EF6 /* Release */,
			);
			defaultConfigurationIsVisible = 0;
			defaultConfigurationName = Release;
		};
		9E2C6E73211F4ADF00091EF6 /* Build configuration list for PBXNativeTarget "ScanProjectTests" */ = {
			isa = XCConfigurationList;
			buildConfigurations = (
				9E2C6E74211F4ADF00091EF6 /* Debug */,
				9E2C6E75211F4ADF00091EF6 /* Release */,
			);
			defaultConfigurationIsVisible = 0;
			defaultConfigurationName = Release;
		};
		9E2C6E76211F4ADF00091EF6 /* Build configuration list for PBXNativeTarget "ScanProjectUITests" */ = {
			isa = XCConfigurationList;
			buildConfigurations = (
				9E2C6E77211F4ADF00091EF6 /* Debug */,
				9E2C6E78211F4ADF00091EF6 /* Release */,
			);
			defaultConfigurationIsVisible = 0;
			defaultConfigurationName = Release;
		};
/* End XCConfigurationList section */
	};
	rootObject = 9E2C6E40211F4ADD00091EF6 /* Project object */;
}
