// !$*UTF8*$!
{
	archiveVersion = 1;
	classes = {
	};
	objectVersion = 51;
	objects = {

/* Begin PBXBuildFile section */
		3274367F0708381BCCCF19AA /* Pods_ScanProjectUITests.framework in Frameworks */ = {isa = PBXBuildFile; fileRef = 982DEB758C3C83603EF67E83 /* Pods_ScanProjectUITests.framework */; };
		9E05D68B22F2834700D9E907 /* SPScanResultVC.swift in Sources */ = {isa = PBXBuildFile; fileRef = 9E05D68A22F2834700D9E907 /* SPScanResultVC.swift */; };
		9E05D68D22F2D3C000D9E907 /* SPSelectColorVC.swift in Sources */ = {isa = PBXBuildFile; fileRef = 9E05D68C22F2D3C000D9E907 /* SPSelectColorVC.swift */; };
		9E05D68F22F2D4F100D9E907 /* SPTextVC.swift in Sources */ = {isa = PBXBuildFile; fileRef = 9E05D68E22F2D4F100D9E907 /* SPTextVC.swift */; };
		9E05D69122F2D56D00D9E907 /* SPSelectImgVC.swift in Sources */ = {isa = PBXBuildFile; fileRef = 9E05D69022F2D56D00D9E907 /* SPSelectImgVC.swift */; };
		9E05D69322F2DC9900D9E907 /* SPVoiceManager.swift in Sources */ = {isa = PBXBuildFile; fileRef = 9E05D69222F2DC9900D9E907 /* SPVoiceManager.swift */; };
		9E05D69522F2E1E700D9E907 /* SPColorView.swift in Sources */ = {isa = PBXBuildFile; fileRef = 9E05D69422F2E1E700D9E907 /* SPColorView.swift */; };
		9E05D69822F2E45D00D9E907 /* SPColor.plist in Resources */ = {isa = PBXBuildFile; fileRef = 9E05D69722F2E45D00D9E907 /* SPColor.plist */; };
		9E05D69A22F2EA8900D9E907 /* SPQRCodeView.swift in Sources */ = {isa = PBXBuildFile; fileRef = 9E05D69922F2EA8900D9E907 /* SPQRCodeView.swift */; };
		9E05D6A822F3DE6200D9E907 /* SPAddTextVC.swift in Sources */ = {isa = PBXBuildFile; fileRef = 9E05D6A722F3DE6200D9E907 /* SPAddTextVC.swift */; };
		9E05D6AA22F3EA2900D9E907 /* SPAddTextToolView.swift in Sources */ = {isa = PBXBuildFile; fileRef = 9E05D6A922F3EA2900D9E907 /* SPAddTextToolView.swift */; };
		9E05D6AC22F4095500D9E907 /* SPFontNameView.swift in Sources */ = {isa = PBXBuildFile; fileRef = 9E05D6AB22F4095500D9E907 /* SPFontNameView.swift */; };
		9E05D6B022F41E8300D9E907 /* SPSelectImgToolView.swift in Sources */ = {isa = PBXBuildFile; fileRef = 9E05D6AF22F41E8300D9E907 /* SPSelectImgToolView.swift */; };
		9E05D6B422F4303800D9E907 /* SPTextToolView.swift in Sources */ = {isa = PBXBuildFile; fileRef = 9E05D6B322F4303800D9E907 /* SPTextToolView.swift */; };
		9E05D6B622F43A6B00D9E907 /* SPSliderView.swift in Sources */ = {isa = PBXBuildFile; fileRef = 9E05D6B522F43A6B00D9E907 /* SPSliderView.swift */; };
		9E27B29322F04724004638A1 /* SPKeyboardView.swift in Sources */ = {isa = PBXBuildFile; fileRef = 9E27B29222F04724004638A1 /* SPKeyboardView.swift */; };
		9E27B29522F12370004638A1 /* SPIndexCollectionCell.swift in Sources */ = {isa = PBXBuildFile; fileRef = 9E27B29422F12370004638A1 /* SPIndexCollectionCell.swift */; };
		9E27B29722F1272F004638A1 /* SPIndexCollectionView.swift in Sources */ = {isa = PBXBuildFile; fileRef = 9E27B29622F1272F004638A1 /* SPIndexCollectionView.swift */; };
		9E27B29922F12747004638A1 /* SPIndexModel.swift in Sources */ = {isa = PBXBuildFile; fileRef = 9E27B29822F12747004638A1 /* SPIndexModel.swift */; };
		9E27B29B22F14307004638A1 /* SPQRCodeToolView.swift in Sources */ = {isa = PBXBuildFile; fileRef = 9E27B29A22F14307004638A1 /* SPQRCodeToolView.swift */; };
		9E2C6E4C211F4ADD00091EF6 /* AppDelegate.swift in Sources */ = {isa = PBXBuildFile; fileRef = 9E2C6E4B211F4ADD00091EF6 /* AppDelegate.swift */; };
		9E2C6E53211F4ADE00091EF6 /* Assets.xcassets in Resources */ = {isa = PBXBuildFile; fileRef = 9E2C6E52211F4ADE00091EF6 /* Assets.xcassets */; };
		9E2C6E61211F4ADF00091EF6 /* ScanProjectTests.swift in Sources */ = {isa = PBXBuildFile; fileRef = 9E2C6E60211F4ADF00091EF6 /* ScanProjectTests.swift */; };
		9E2C6E6C211F4ADF00091EF6 /* ScanProjectUITests.swift in Sources */ = {isa = PBXBuildFile; fileRef = 9E2C6E6B211F4ADF00091EF6 /* ScanProjectUITests.swift */; };
		9E9D05C522F81FAE00D89C94 /* SPQRCodeDataModel.swift in Sources */ = {isa = PBXBuildFile; fileRef = 9E9D05C422F81FAE00D89C94 /* SPQRCodeDataModel.swift */; };
		9E9D05E122FACD0100D89C94 /* SPDataBase.swift in Sources */ = {isa = PBXBuildFile; fileRef = 9E9D05E022FACD0100D89C94 /* SPDataBase.swift */; };
		9E9D05E622FBAC1B00D89C94 /* SPHistoryListTableCell.swift in Sources */ = {isa = PBXBuildFile; fileRef = 9E9D05E522FBAC1B00D89C94 /* SPHistoryListTableCell.swift */; };
		9E9D744622EC22570033A259 /* SPVideoPreviewLayerView.swift in Sources */ = {isa = PBXBuildFile; fileRef = 9E9D744522EC22570033A259 /* SPVideoPreviewLayerView.swift */; };
		9E9D744822EC227A0033A259 /* SPScanManager.swift in Sources */ = {isa = PBXBuildFile; fileRef = 9E9D744722EC227A0033A259 /* SPScanManager.swift */; };
		9E9D745D22EE911F0033A259 /* SPEnum.swift in Sources */ = {isa = PBXBuildFile; fileRef = 9E9D745C22EE911F0033A259 /* SPEnum.swift */; };
		9E9D745F22EEC2BD0033A259 /* SPVoiceVC.swift in Sources */ = {isa = PBXBuildFile; fileRef = 9E9D745E22EEC2BD0033A259 /* SPVoiceVC.swift */; };
		9EDC279422EB04D200F22529 /* Localizable.strings in Resources */ = {isa = PBXBuildFile; fileRef = 9EDC279622EB04D200F22529 /* Localizable.strings */; };
		9EDC279A22EB052D00F22529 /* InfoPlist.strings in Resources */ = {isa = PBXBuildFile; fileRef = 9EDC279C22EB052D00F22529 /* InfoPlist.strings */; };
		9EDC27A722EBEF2C00F22529 /* SPBaseVC.swift in Sources */ = {isa = PBXBuildFile; fileRef = 9EDC27A622EBEF2C00F22529 /* SPBaseVC.swift */; };
		9EDC27A922EBF16B00F22529 /* SPBaseNavVC.swift in Sources */ = {isa = PBXBuildFile; fileRef = 9EDC27A822EBF16B00F22529 /* SPBaseNavVC.swift */; };
		9EDC27AB22EBF27D00F22529 /* SPScanVC.swift in Sources */ = {isa = PBXBuildFile; fileRef = 9EDC27AA22EBF27D00F22529 /* SPScanVC.swift */; };
		9EDC27AD22EBF2F400F22529 /* SPQRCodeVC.swift in Sources */ = {isa = PBXBuildFile; fileRef = 9EDC27AC22EBF2F400F22529 /* SPQRCodeVC.swift */; };
		9EDC27AF22EBF31A00F22529 /* SPHistoryVC.swift in Sources */ = {isa = PBXBuildFile; fileRef = 9EDC27AE22EBF31A00F22529 /* SPHistoryVC.swift */; };
		9EDCFA3D22EEE6CE0058F291 /* SPBaseModel.swift in Sources */ = {isa = PBXBuildFile; fileRef = 9EDCFA3C22EEE6CE0058F291 /* SPBaseModel.swift */; };
		9EDCFA3F22EEE6E90058F291 /* SPQRCodeModel.swift in Sources */ = {isa = PBXBuildFile; fileRef = 9EDCFA3E22EEE6E90058F291 /* SPQRCodeModel.swift */; };
		9EDCFA4B22EFE20F0058F291 /* SPIndexVC.swift in Sources */ = {isa = PBXBuildFile; fileRef = 9EDCFA4A22EFE20F0058F291 /* SPIndexVC.swift */; };
		9EDCFA4D22EFE7C80058F291 /* SPIndexToolView.swift in Sources */ = {isa = PBXBuildFile; fileRef = 9EDCFA4C22EFE7C80058F291 /* SPIndexToolView.swift */; };
		9EDCFA4F22F01C450058F291 /* SPHistoryListVC.swift in Sources */ = {isa = PBXBuildFile; fileRef = 9EDCFA4E22F01C450058F291 /* SPHistoryListVC.swift */; };
		9EDCFA5122F01E520058F291 /* SPAppUtility.swift in Sources */ = {isa = PBXBuildFile; fileRef = 9EDCFA5022F01E520058F291 /* SPAppUtility.swift */; };
		9EDCFA5322F01F6B0058F291 /* SPMoreVC.swift in Sources */ = {isa = PBXBuildFile; fileRef = 9EDCFA5222F01F6B0058F291 /* SPMoreVC.swift */; };
		9EDCFA5522F02D6A0058F291 /* SPIndexTextView.swift in Sources */ = {isa = PBXBuildFile; fileRef = 9EDCFA5422F02D6A0058F291 /* SPIndexTextView.swift */; };
		9EDCFA5722F02EBC0058F291 /* SPBusinessCardView.swift in Sources */ = {isa = PBXBuildFile; fileRef = 9EDCFA5622F02EBC0058F291 /* SPBusinessCardView.swift */; };
		9EDCFA5922F02ED20058F291 /* SPWifiView.swift in Sources */ = {isa = PBXBuildFile; fileRef = 9EDCFA5822F02ED20058F291 /* SPWifiView.swift */; };
		9EDCFA5B22F0380E0058F291 /* SPIndexView.swift in Sources */ = {isa = PBXBuildFile; fileRef = 9EDCFA5A22F0380E0058F291 /* SPIndexView.swift */; };
		AE66DDAF3F79CC8BE9892426 /* Pods_ScanProjectTests.framework in Frameworks */ = {isa = PBXBuildFile; fileRef = 54C570A87D551F80D5B9242A /* Pods_ScanProjectTests.framework */; };
		D31EC0B2EB49B6E2C27BCF48 /* Pods_ScanProject.framework in Frameworks */ = {isa = PBXBuildFile; fileRef = 1DCC42A1DD6CF1224EB6A684 /* Pods_ScanProject.framework */; };
/* End PBXBuildFile section */

/* Begin PBXContainerItemProxy section */
		9E2C6E5D211F4ADF00091EF6 /* PBXContainerItemProxy */ = {
			isa = PBXContainerItemProxy;
			containerPortal = 9E2C6E40211F4ADD00091EF6 /* Project object */;
			proxyType = 1;
			remoteGlobalIDString = 9E2C6E47211F4ADD00091EF6;
			remoteInfo = ScanProject;
		};
		9E2C6E68211F4ADF00091EF6 /* PBXContainerItemProxy */ = {
			isa = PBXContainerItemProxy;
			containerPortal = 9E2C6E40211F4ADD00091EF6 /* Project object */;
			proxyType = 1;
			remoteGlobalIDString = 9E2C6E47211F4ADD00091EF6;
			remoteInfo = ScanProject;
		};
/* End PBXContainerItemProxy section */

/* Begin PBXFileReference section */
		1DCC42A1DD6CF1224EB6A684 /* Pods_ScanProject.framework */ = {isa = PBXFileReference; explicitFileType = wrapper.framework; includeInIndex = 0; path = Pods_ScanProject.framework; sourceTree = BUILT_PRODUCTS_DIR; };
		54C570A87D551F80D5B9242A /* Pods_ScanProjectTests.framework */ = {isa = PBXFileReference; explicitFileType = wrapper.framework; includeInIndex = 0; path = Pods_ScanProjectTests.framework; sourceTree = BUILT_PRODUCTS_DIR; };
		61162F300980A3215E3EFB15 /* Pods-ScanProject.release.xcconfig */ = {isa = PBXFileReference; includeInIndex = 1; lastKnownFileType = text.xcconfig; name = "Pods-ScanProject.release.xcconfig"; path = "Pods/Target Support Files/Pods-ScanProject/Pods-ScanProject.release.xcconfig"; sourceTree = "<group>"; };
		7EC795862083D1324EED2276 /* Pods-ScanProject.debug.xcconfig */ = {isa = PBXFileReference; includeInIndex = 1; lastKnownFileType = text.xcconfig; name = "Pods-ScanProject.debug.xcconfig"; path = "Pods/Target Support Files/Pods-ScanProject/Pods-ScanProject.debug.xcconfig"; sourceTree = "<group>"; };
		982DEB758C3C83603EF67E83 /* Pods_ScanProjectUITests.framework */ = {isa = PBXFileReference; explicitFileType = wrapper.framework; includeInIndex = 0; path = Pods_ScanProjectUITests.framework; sourceTree = BUILT_PRODUCTS_DIR; };
		9E05D68A22F2834700D9E907 /* SPScanResultVC.swift */ = {isa = PBXFileReference; lastKnownFileType = sourcecode.swift; path = SPScanResultVC.swift; sourceTree = "<group>"; };
		9E05D68C22F2D3C000D9E907 /* SPSelectColorVC.swift */ = {isa = PBXFileReference; lastKnownFileType = sourcecode.swift; path = SPSelectColorVC.swift; sourceTree = "<group>"; };
		9E05D68E22F2D4F100D9E907 /* SPTextVC.swift */ = {isa = PBXFileReference; lastKnownFileType = sourcecode.swift; path = SPTextVC.swift; sourceTree = "<group>"; };
		9E05D69022F2D56D00D9E907 /* SPSelectImgVC.swift */ = {isa = PBXFileReference; lastKnownFileType = sourcecode.swift; path = SPSelectImgVC.swift; sourceTree = "<group>"; };
		9E05D69222F2DC9900D9E907 /* SPVoiceManager.swift */ = {isa = PBXFileReference; lastKnownFileType = sourcecode.swift; path = SPVoiceManager.swift; sourceTree = "<group>"; };
		9E05D69422F2E1E700D9E907 /* SPColorView.swift */ = {isa = PBXFileReference; lastKnownFileType = sourcecode.swift; path = SPColorView.swift; sourceTree = "<group>"; };
		9E05D69722F2E45D00D9E907 /* SPColor.plist */ = {isa = PBXFileReference; lastKnownFileType = text.plist.xml; path = SPColor.plist; sourceTree = "<group>"; };
		9E05D69922F2EA8900D9E907 /* SPQRCodeView.swift */ = {isa = PBXFileReference; lastKnownFileType = sourcecode.swift; path = SPQRCodeView.swift; sourceTree = "<group>"; };
		9E05D6A722F3DE6200D9E907 /* SPAddTextVC.swift */ = {isa = PBXFileReference; lastKnownFileType = sourcecode.swift; path = SPAddTextVC.swift; sourceTree = "<group>"; };
		9E05D6A922F3EA2900D9E907 /* SPAddTextToolView.swift */ = {isa = PBXFileReference; lastKnownFileType = sourcecode.swift; path = SPAddTextToolView.swift; sourceTree = "<group>"; };
		9E05D6AB22F4095500D9E907 /* SPFontNameView.swift */ = {isa = PBXFileReference; lastKnownFileType = sourcecode.swift; path = SPFontNameView.swift; sourceTree = "<group>"; };
		9E05D6AF22F41E8300D9E907 /* SPSelectImgToolView.swift */ = {isa = PBXFileReference; lastKnownFileType = sourcecode.swift; path = SPSelectImgToolView.swift; sourceTree = "<group>"; };
		9E05D6B322F4303800D9E907 /* SPTextToolView.swift */ = {isa = PBXFileReference; lastKnownFileType = sourcecode.swift; path = SPTextToolView.swift; sourceTree = "<group>"; };
		9E05D6B522F43A6B00D9E907 /* SPSliderView.swift */ = {isa = PBXFileReference; fileEncoding = 4; lastKnownFileType = sourcecode.swift; path = SPSliderView.swift; sourceTree = "<group>"; };
		9E27B29222F04724004638A1 /* SPKeyboardView.swift */ = {isa = PBXFileReference; lastKnownFileType = sourcecode.swift; path = SPKeyboardView.swift; sourceTree = "<group>"; };
		9E27B29422F12370004638A1 /* SPIndexCollectionCell.swift */ = {isa = PBXFileReference; lastKnownFileType = sourcecode.swift; path = SPIndexCollectionCell.swift; sourceTree = "<group>"; };
		9E27B29622F1272F004638A1 /* SPIndexCollectionView.swift */ = {isa = PBXFileReference; lastKnownFileType = sourcecode.swift; path = SPIndexCollectionView.swift; sourceTree = "<group>"; };
		9E27B29822F12747004638A1 /* SPIndexModel.swift */ = {isa = PBXFileReference; lastKnownFileType = sourcecode.swift; path = SPIndexModel.swift; sourceTree = "<group>"; };
		9E27B29A22F14307004638A1 /* SPQRCodeToolView.swift */ = {isa = PBXFileReference; lastKnownFileType = sourcecode.swift; path = SPQRCodeToolView.swift; sourceTree = "<group>"; };
		9E2C6E48211F4ADD00091EF6 /* ScanProject.app */ = {isa = PBXFileReference; explicitFileType = wrapper.application; includeInIndex = 0; path = ScanProject.app; sourceTree = BUILT_PRODUCTS_DIR; };
		9E2C6E4B211F4ADD00091EF6 /* AppDelegate.swift */ = {isa = PBXFileReference; lastKnownFileType = sourcecode.swift; path = AppDelegate.swift; sourceTree = "<group>"; };
		9E2C6E52211F4ADE00091EF6 /* Assets.xcassets */ = {isa = PBXFileReference; lastKnownFileType = folder.assetcatalog; path = Assets.xcassets; sourceTree = "<group>"; };
		9E2C6E57211F4ADE00091EF6 /* Info.plist */ = {isa = PBXFileReference; lastKnownFileType = text.plist.xml; path = Info.plist; sourceTree = "<group>"; };
		9E2C6E5C211F4ADF00091EF6 /* ScanProjectTests.xctest */ = {isa = PBXFileReference; explicitFileType = wrapper.cfbundle; includeInIndex = 0; path = ScanProjectTests.xctest; sourceTree = BUILT_PRODUCTS_DIR; };
		9E2C6E60211F4ADF00091EF6 /* ScanProjectTests.swift */ = {isa = PBXFileReference; lastKnownFileType = sourcecode.swift; path = ScanProjectTests.swift; sourceTree = "<group>"; };
		9E2C6E62211F4ADF00091EF6 /* Info.plist */ = {isa = PBXFileReference; lastKnownFileType = text.plist.xml; path = Info.plist; sourceTree = "<group>"; };
		9E2C6E67211F4ADF00091EF6 /* ScanProjectUITests.xctest */ = {isa = PBXFileReference; explicitFileType = wrapper.cfbundle; includeInIndex = 0; path = ScanProjectUITests.xctest; sourceTree = BUILT_PRODUCTS_DIR; };
		9E2C6E6B211F4ADF00091EF6 /* ScanProjectUITests.swift */ = {isa = PBXFileReference; lastKnownFileType = sourcecode.swift; path = ScanProjectUITests.swift; sourceTree = "<group>"; };
		9E2C6E6D211F4ADF00091EF6 /* Info.plist */ = {isa = PBXFileReference; lastKnownFileType = text.plist.xml; path = Info.plist; sourceTree = "<group>"; };
		9E9D05C422F81FAE00D89C94 /* SPQRCodeDataModel.swift */ = {isa = PBXFileReference; lastKnownFileType = sourcecode.swift; path = SPQRCodeDataModel.swift; sourceTree = "<group>"; };
		9E9D05E022FACD0100D89C94 /* SPDataBase.swift */ = {isa = PBXFileReference; lastKnownFileType = sourcecode.swift; path = SPDataBase.swift; sourceTree = "<group>"; };
		9E9D05E522FBAC1B00D89C94 /* SPHistoryListTableCell.swift */ = {isa = PBXFileReference; lastKnownFileType = sourcecode.swift; path = SPHistoryListTableCell.swift; sourceTree = "<group>"; };
		9E9D744522EC22570033A259 /* SPVideoPreviewLayerView.swift */ = {isa = PBXFileReference; lastKnownFileType = sourcecode.swift; path = SPVideoPreviewLayerView.swift; sourceTree = "<group>"; };
		9E9D744722EC227A0033A259 /* SPScanManager.swift */ = {isa = PBXFileReference; lastKnownFileType = sourcecode.swift; path = SPScanManager.swift; sourceTree = "<group>"; };
		9E9D745C22EE911F0033A259 /* SPEnum.swift */ = {isa = PBXFileReference; lastKnownFileType = sourcecode.swift; path = SPEnum.swift; sourceTree = "<group>"; };
		9E9D745E22EEC2BD0033A259 /* SPVoiceVC.swift */ = {isa = PBXFileReference; lastKnownFileType = sourcecode.swift; path = SPVoiceVC.swift; sourceTree = "<group>"; };
		9EDC279522EB04D200F22529 /* en */ = {isa = PBXFileReference; lastKnownFileType = text.plist.strings; name = en; path = en.lproj/Localizable.strings; sourceTree = "<group>"; };
		9EDC279722EB04E200F22529 /* zh-Hans */ = {isa = PBXFileReference; lastKnownFileType = text.plist.strings; name = "zh-Hans"; path = "zh-Hans.lproj/Localizable.strings"; sourceTree = "<group>"; };
		9EDC279B22EB052D00F22529 /* zh-Hans */ = {isa = PBXFileReference; lastKnownFileType = text.plist.strings; name = "zh-Hans"; path = "zh-Hans.lproj/InfoPlist.strings"; sourceTree = "<group>"; };
		9EDC279D22EB052E00F22529 /* en */ = {isa = PBXFileReference; lastKnownFileType = text.plist.strings; name = en; path = en.lproj/InfoPlist.strings; sourceTree = "<group>"; };
		9EDC27A622EBEF2C00F22529 /* SPBaseVC.swift */ = {isa = PBXFileReference; lastKnownFileType = sourcecode.swift; path = SPBaseVC.swift; sourceTree = "<group>"; };
		9EDC27A822EBF16B00F22529 /* SPBaseNavVC.swift */ = {isa = PBXFileReference; lastKnownFileType = sourcecode.swift; path = SPBaseNavVC.swift; sourceTree = "<group>"; };
		9EDC27AA22EBF27D00F22529 /* SPScanVC.swift */ = {isa = PBXFileReference; lastKnownFileType = sourcecode.swift; path = SPScanVC.swift; sourceTree = "<group>"; };
		9EDC27AC22EBF2F400F22529 /* SPQRCodeVC.swift */ = {isa = PBXFileReference; lastKnownFileType = sourcecode.swift; path = SPQRCodeVC.swift; sourceTree = "<group>"; };
		9EDC27AE22EBF31A00F22529 /* SPHistoryVC.swift */ = {isa = PBXFileReference; lastKnownFileType = sourcecode.swift; path = SPHistoryVC.swift; sourceTree = "<group>"; };
		9EDCFA3C22EEE6CE0058F291 /* SPBaseModel.swift */ = {isa = PBXFileReference; lastKnownFileType = sourcecode.swift; path = SPBaseModel.swift; sourceTree = "<group>"; };
		9EDCFA3E22EEE6E90058F291 /* SPQRCodeModel.swift */ = {isa = PBXFileReference; lastKnownFileType = sourcecode.swift; path = SPQRCodeModel.swift; sourceTree = "<group>"; };
		9EDCFA4A22EFE20F0058F291 /* SPIndexVC.swift */ = {isa = PBXFileReference; lastKnownFileType = sourcecode.swift; path = SPIndexVC.swift; sourceTree = "<group>"; };
		9EDCFA4C22EFE7C80058F291 /* SPIndexToolView.swift */ = {isa = PBXFileReference; lastKnownFileType = sourcecode.swift; path = SPIndexToolView.swift; sourceTree = "<group>"; };
		9EDCFA4E22F01C450058F291 /* SPHistoryListVC.swift */ = {isa = PBXFileReference; lastKnownFileType = sourcecode.swift; path = SPHistoryListVC.swift; sourceTree = "<group>"; };
		9EDCFA5022F01E520058F291 /* SPAppUtility.swift */ = {isa = PBXFileReference; lastKnownFileType = sourcecode.swift; path = SPAppUtility.swift; sourceTree = "<group>"; };
		9EDCFA5222F01F6B0058F291 /* SPMoreVC.swift */ = {isa = PBXFileReference; lastKnownFileType = sourcecode.swift; path = SPMoreVC.swift; sourceTree = "<group>"; };
		9EDCFA5422F02D6A0058F291 /* SPIndexTextView.swift */ = {isa = PBXFileReference; lastKnownFileType = sourcecode.swift; path = SPIndexTextView.swift; sourceTree = "<group>"; };
		9EDCFA5622F02EBC0058F291 /* SPBusinessCardView.swift */ = {isa = PBXFileReference; lastKnownFileType = sourcecode.swift; path = SPBusinessCardView.swift; sourceTree = "<group>"; };
		9EDCFA5822F02ED20058F291 /* SPWifiView.swift */ = {isa = PBXFileReference; lastKnownFileType = sourcecode.swift; path = SPWifiView.swift; sourceTree = "<group>"; };
		9EDCFA5A22F0380E0058F291 /* SPIndexView.swift */ = {isa = PBXFileReference; lastKnownFileType = sourcecode.swift; path = SPIndexView.swift; sourceTree = "<group>"; };
		BAAA7C57A16F6356379F387F /* Pods-ScanProjectUITests.release.xcconfig */ = {isa = PBXFileReference; includeInIndex = 1; lastKnownFileType = text.xcconfig; name = "Pods-ScanProjectUITests.release.xcconfig"; path = "Pods/Target Support Files/Pods-ScanProjectUITests/Pods-ScanProjectUITests.release.xcconfig"; sourceTree = "<group>"; };
		BF32F7A0EBCB791EC1834E55 /* Pods-ScanProjectUITests.debug.xcconfig */ = {isa = PBXFileReference; includeInIndex = 1; lastKnownFileType = text.xcconfig; name = "Pods-ScanProjectUITests.debug.xcconfig"; path = "Pods/Target Support Files/Pods-ScanProjectUITests/Pods-ScanProjectUITests.debug.xcconfig"; sourceTree = "<group>"; };
		DE3210EA894AD6791A8222A7 /* Pods-ScanProjectTests.debug.xcconfig */ = {isa = PBXFileReference; includeInIndex = 1; lastKnownFileType = text.xcconfig; name = "Pods-ScanProjectTests.debug.xcconfig"; path = "Pods/Target Support Files/Pods-ScanProjectTests/Pods-ScanProjectTests.debug.xcconfig"; sourceTree = "<group>"; };
		F9FC62B018139B6E903C35FC /* Pods-ScanProjectTests.release.xcconfig */ = {isa = PBXFileReference; includeInIndex = 1; lastKnownFileType = text.xcconfig; name = "Pods-ScanProjectTests.release.xcconfig"; path = "Pods/Target Support Files/Pods-ScanProjectTests/Pods-ScanProjectTests.release.xcconfig"; sourceTree = "<group>"; };
/* End PBXFileReference section */

/* Begin PBXFrameworksBuildPhase section */
		9E2C6E45211F4ADD00091EF6 /* Frameworks */ = {
			isa = PBXFrameworksBuildPhase;
			buildActionMask = 2147483647;
			files = (
				D31EC0B2EB49B6E2C27BCF48 /* Pods_ScanProject.framework in Frameworks */,
			);
			runOnlyForDeploymentPostprocessing = 0;
		};
		9E2C6E59211F4ADF00091EF6 /* Frameworks */ = {
			isa = PBXFrameworksBuildPhase;
			buildActionMask = 2147483647;
			files = (
				AE66DDAF3F79CC8BE9892426 /* Pods_ScanProjectTests.framework in Frameworks */,
			);
			runOnlyForDeploymentPostprocessing = 0;
		};
		9E2C6E64211F4ADF00091EF6 /* Frameworks */ = {
			isa = PBXFrameworksBuildPhase;
			buildActionMask = 2147483647;
			files = (
				3274367F0708381BCCCF19AA /* Pods_ScanProjectUITests.framework in Frameworks */,
			);
			runOnlyForDeploymentPostprocessing = 0;
		};
/* End PBXFrameworksBuildPhase section */

/* Begin PBXGroup section */
		764735106DB5754F77901492 /* Frameworks */ = {
			isa = PBXGroup;
			children = (
				1DCC42A1DD6CF1224EB6A684 /* Pods_ScanProject.framework */,
				54C570A87D551F80D5B9242A /* Pods_ScanProjectTests.framework */,
				982DEB758C3C83603EF67E83 /* Pods_ScanProjectUITests.framework */,
			);
			name = Frameworks;
			sourceTree = "<group>";
		};
		9E05D69622F2E44A00D9E907 /* Resources */ = {
			isa = PBXGroup;
			children = (
				9E05D69722F2E45D00D9E907 /* SPColor.plist */,
			);
			path = Resources;
			sourceTree = "<group>";
		};
		9E27B29122F04718004638A1 /* View */ = {
			isa = PBXGroup;
			children = (
				9E27B29222F04724004638A1 /* SPKeyboardView.swift */,
			);
			path = View;
			sourceTree = "<group>";
		};
		9E2C6E3F211F4ADD00091EF6 = {
			isa = PBXGroup;
			children = (
				9E2C6E4A211F4ADD00091EF6 /* ScanProject */,
				9E2C6E5F211F4ADF00091EF6 /* ScanProjectTests */,
				9E2C6E6A211F4ADF00091EF6 /* ScanProjectUITests */,
				9E2C6E49211F4ADD00091EF6 /* Products */,
				AB90B89F25A0E2CB7BEC78DE /* Pods */,
				764735106DB5754F77901492 /* Frameworks */,
			);
			sourceTree = "<group>";
		};
		9E2C6E49211F4ADD00091EF6 /* Products */ = {
			isa = PBXGroup;
			children = (
				9E2C6E48211F4ADD00091EF6 /* ScanProject.app */,
				9E2C6E5C211F4ADF00091EF6 /* ScanProjectTests.xctest */,
				9E2C6E67211F4ADF00091EF6 /* ScanProjectUITests.xctest */,
			);
			name = Products;
			sourceTree = "<group>";
		};
		9E2C6E4A211F4ADD00091EF6 /* ScanProject */ = {
			isa = PBXGroup;
			children = (
				9EDC27A422EBEF1500F22529 /* Utility */,
				9EDC279E22EBE65600F22529 /* APP */,
				9E2C6E4B211F4ADD00091EF6 /* AppDelegate.swift */,
				9E2C6E52211F4ADE00091EF6 /* Assets.xcassets */,
				9E2C6E57211F4ADE00091EF6 /* Info.plist */,
				9EDC279622EB04D200F22529 /* Localizable.strings */,
				9EDC279C22EB052D00F22529 /* InfoPlist.strings */,
			);
			path = ScanProject;
			sourceTree = "<group>";
		};
		9E2C6E5F211F4ADF00091EF6 /* ScanProjectTests */ = {
			isa = PBXGroup;
			children = (
				9E2C6E60211F4ADF00091EF6 /* ScanProjectTests.swift */,
				9E2C6E62211F4ADF00091EF6 /* Info.plist */,
			);
			path = ScanProjectTests;
			sourceTree = "<group>";
		};
		9E2C6E6A211F4ADF00091EF6 /* ScanProjectUITests */ = {
			isa = PBXGroup;
			children = (
				9E2C6E6B211F4ADF00091EF6 /* ScanProjectUITests.swift */,
				9E2C6E6D211F4ADF00091EF6 /* Info.plist */,
			);
			path = ScanProjectUITests;
			sourceTree = "<group>";
		};
		9E9D744C22EC4FFB0033A259 /* Model */ = {
			isa = PBXGroup;
			children = (
				9E9D745C22EE911F0033A259 /* SPEnum.swift */,
				9EDCFA3C22EEE6CE0058F291 /* SPBaseModel.swift */,
				9EDCFA5022F01E520058F291 /* SPAppUtility.swift */,
			);
			path = Model;
			sourceTree = "<group>";
		};
		9EDC279E22EBE65600F22529 /* APP */ = {
			isa = PBXGroup;
			children = (
				9E05D69622F2E44A00D9E907 /* Resources */,
				9EDC279F22EBE65600F22529 /* Controller */,
				9EDC27A022EBE65600F22529 /* Model */,
				9EDC27A122EBE65600F22529 /* View */,
			);
			path = APP;
			sourceTree = "<group>";
		};
		9EDC279F22EBE65600F22529 /* Controller */ = {
			isa = PBXGroup;
			children = (
				9EDC27AA22EBF27D00F22529 /* SPScanVC.swift */,
				9EDC27AC22EBF2F400F22529 /* SPQRCodeVC.swift */,
				9EDC27AE22EBF31A00F22529 /* SPHistoryVC.swift */,
				9EDCFA4E22F01C450058F291 /* SPHistoryListVC.swift */,
				9E9D745E22EEC2BD0033A259 /* SPVoiceVC.swift */,
				9EDCFA4A22EFE20F0058F291 /* SPIndexVC.swift */,
				9EDCFA5222F01F6B0058F291 /* SPMoreVC.swift */,
				9E05D68A22F2834700D9E907 /* SPScanResultVC.swift */,
				9E05D68C22F2D3C000D9E907 /* SPSelectColorVC.swift */,
				9E05D68E22F2D4F100D9E907 /* SPTextVC.swift */,
				9E05D6A722F3DE6200D9E907 /* SPAddTextVC.swift */,
				9E05D69022F2D56D00D9E907 /* SPSelectImgVC.swift */,
			);
			path = Controller;
			sourceTree = "<group>";
		};
		9EDC27A022EBE65600F22529 /* Model */ = {
			isa = PBXGroup;
			children = (
				9E9D744722EC227A0033A259 /* SPScanManager.swift */,
				9EDCFA3E22EEE6E90058F291 /* SPQRCodeModel.swift */,
				9E27B29822F12747004638A1 /* SPIndexModel.swift */,
				9E05D69222F2DC9900D9E907 /* SPVoiceManager.swift */,
				9E9D05C422F81FAE00D89C94 /* SPQRCodeDataModel.swift */,
				9E9D05E022FACD0100D89C94 /* SPDataBase.swift */,
			);
			path = Model;
			sourceTree = "<group>";
		};
		9EDC27A122EBE65600F22529 /* View */ = {
			isa = PBXGroup;
			children = (
				9E05D6B522F43A6B00D9E907 /* SPSliderView.swift */,
				9E9D744522EC22570033A259 /* SPVideoPreviewLayerView.swift */,
				9EDCFA5422F02D6A0058F291 /* SPIndexTextView.swift */,
				9EDCFA4C22EFE7C80058F291 /* SPIndexToolView.swift */,
				9EDCFA5622F02EBC0058F291 /* SPBusinessCardView.swift */,
				9EDCFA5822F02ED20058F291 /* SPWifiView.swift */,
				9EDCFA5A22F0380E0058F291 /* SPIndexView.swift */,
				9E27B29422F12370004638A1 /* SPIndexCollectionCell.swift */,
				9E27B29622F1272F004638A1 /* SPIndexCollectionView.swift */,
				9E27B29A22F14307004638A1 /* SPQRCodeToolView.swift */,
				9E05D69422F2E1E700D9E907 /* SPColorView.swift */,
				9E05D69922F2EA8900D9E907 /* SPQRCodeView.swift */,
				9E05D6A922F3EA2900D9E907 /* SPAddTextToolView.swift */,
				9E05D6AB22F4095500D9E907 /* SPFontNameView.swift */,
				9E05D6AF22F41E8300D9E907 /* SPSelectImgToolView.swift */,
				9E05D6B322F4303800D9E907 /* SPTextToolView.swift */,
				9E9D05E522FBAC1B00D89C94 /* SPHistoryListTableCell.swift */,
			);
			path = View;
			sourceTree = "<group>";
		};
		9EDC27A422EBEF1500F22529 /* Utility */ = {
			isa = PBXGroup;
			children = (
				9E27B29122F04718004638A1 /* View */,
				9E9D744C22EC4FFB0033A259 /* Model */,
				9EDC27A522EBEF1500F22529 /* Controller */,
			);
			path = Utility;
			sourceTree = "<group>";
		};
		9EDC27A522EBEF1500F22529 /* Controller */ = {
			isa = PBXGroup;
			children = (
				9EDC27A622EBEF2C00F22529 /* SPBaseVC.swift */,
				9EDC27A822EBF16B00F22529 /* SPBaseNavVC.swift */,
			);
			path = Controller;
			sourceTree = "<group>";
		};
		AB90B89F25A0E2CB7BEC78DE /* Pods */ = {
			isa = PBXGroup;
			children = (
				7EC795862083D1324EED2276 /* Pods-ScanProject.debug.xcconfig */,
				61162F300980A3215E3EFB15 /* Pods-ScanProject.release.xcconfig */,
				DE3210EA894AD6791A8222A7 /* Pods-ScanProjectTests.debug.xcconfig */,
				F9FC62B018139B6E903C35FC /* Pods-ScanProjectTests.release.xcconfig */,
				BF32F7A0EBCB791EC1834E55 /* Pods-ScanProjectUITests.debug.xcconfig */,
				BAAA7C57A16F6356379F387F /* Pods-ScanProjectUITests.release.xcconfig */,
			);
			name = Pods;
			sourceTree = "<group>";
		};
/* End PBXGroup section */

/* Begin PBXNativeTarget section */
		9E2C6E47211F4ADD00091EF6 /* ScanProject */ = {
			isa = PBXNativeTarget;
			buildConfigurationList = 9E2C6E70211F4ADF00091EF6 /* Build configuration list for PBXNativeTarget "ScanProject" */;
			buildPhases = (
				03E66479A8226E45CE77A3D7 /* [CP] Check Pods Manifest.lock */,
				9E2C6E44211F4ADD00091EF6 /* Sources */,
				9E2C6E45211F4ADD00091EF6 /* Frameworks */,
				9E2C6E46211F4ADD00091EF6 /* Resources */,
				0B89B3B3CE37D8B0C7204E66 /* [CP] Embed Pods Frameworks */,
			);
			buildRules = (
			);
			dependencies = (
			);
			name = ScanProject;
			productName = ScanProject;
			productReference = 9E2C6E48211F4ADD00091EF6 /* ScanProject.app */;
			productType = "com.apple.product-type.application";
		};
		9E2C6E5B211F4ADF00091EF6 /* ScanProjectTests */ = {
			isa = PBXNativeTarget;
			buildConfigurationList = 9E2C6E73211F4ADF00091EF6 /* Build configuration list for PBXNativeTarget "ScanProjectTests" */;
			buildPhases = (
				C1D4E02680582C8583DD8624 /* [CP] Check Pods Manifest.lock */,
				9E2C6E58211F4ADF00091EF6 /* Sources */,
				9E2C6E59211F4ADF00091EF6 /* Frameworks */,
				9E2C6E5A211F4ADF00091EF6 /* Resources */,
			);
			buildRules = (
			);
			dependencies = (
				9E2C6E5E211F4ADF00091EF6 /* PBXTargetDependency */,
			);
			name = ScanProjectTests;
			productName = ScanProjectTests;
			productReference = 9E2C6E5C211F4ADF00091EF6 /* ScanProjectTests.xctest */;
			productType = "com.apple.product-type.bundle.unit-test";
		};
		9E2C6E66211F4ADF00091EF6 /* ScanProjectUITests */ = {
			isa = PBXNativeTarget;
			buildConfigurationList = 9E2C6E76211F4ADF00091EF6 /* Build configuration list for PBXNativeTarget "ScanProjectUITests" */;
			buildPhases = (
				9D3A1CA587807BA6264BA487 /* [CP] Check Pods Manifest.lock */,
				9E2C6E63211F4ADF00091EF6 /* Sources */,
				9E2C6E64211F4ADF00091EF6 /* Frameworks */,
				9E2C6E65211F4ADF00091EF6 /* Resources */,
			);
			buildRules = (
			);
			dependencies = (
				9E2C6E69211F4ADF00091EF6 /* PBXTargetDependency */,
			);
			name = ScanProjectUITests;
			productName = ScanProjectUITests;
			productReference = 9E2C6E67211F4ADF00091EF6 /* ScanProjectUITests.xctest */;
			productType = "com.apple.product-type.bundle.ui-testing";
		};
/* End PBXNativeTarget section */

/* Begin PBXProject section */
		9E2C6E40211F4ADD00091EF6 /* Project object */ = {
			isa = PBXProject;
			attributes = {
				LastSwiftUpdateCheck = 0940;
				LastUpgradeCheck = 0940;
				ORGANIZATIONNAME = shupenghuang;
				TargetAttributes = {
					9E2C6E47211F4ADD00091EF6 = {
						CreatedOnToolsVersion = 9.4.1;
						LastSwiftMigration = 1020;
					};
					9E2C6E5B211F4ADF00091EF6 = {
						CreatedOnToolsVersion = 9.4.1;
						LastSwiftMigration = 1020;
						TestTargetID = 9E2C6E47211F4ADD00091EF6;
					};
					9E2C6E66211F4ADF00091EF6 = {
						CreatedOnToolsVersion = 9.4.1;
						LastSwiftMigration = 1020;
						TestTargetID = 9E2C6E47211F4ADD00091EF6;
					};
				};
			};
			buildConfigurationList = 9E2C6E43211F4ADD00091EF6 /* Build configuration list for PBXProject "ScanProject" */;
			compatibilityVersion = "Xcode 9.3";
			developmentRegion = en;
			hasScannedForEncodings = 0;
			knownRegions = (
				en,
				Base,
				"zh-Hans",
			);
			mainGroup = 9E2C6E3F211F4ADD00091EF6;
			productRefGroup = 9E2C6E49211F4ADD00091EF6 /* Products */;
			projectDirPath = "";
			projectRoot = "";
			targets = (
				9E2C6E47211F4ADD00091EF6 /* ScanProject */,
				9E2C6E5B211F4ADF00091EF6 /* ScanProjectTests */,
				9E2C6E66211F4ADF00091EF6 /* ScanProjectUITests */,
			);
		};
/* End PBXProject section */

/* Begin PBXResourcesBuildPhase section */
		9E2C6E46211F4ADD00091EF6 /* Resources */ = {
			isa = PBXResourcesBuildPhase;
			buildActionMask = 2147483647;
			files = (
				9E2C6E53211F4ADE00091EF6 /* Assets.xcassets in Resources */,
				9E05D69822F2E45D00D9E907 /* SPColor.plist in Resources */,
				9EDC279A22EB052D00F22529 /* InfoPlist.strings in Resources */,
				9EDC279422EB04D200F22529 /* Localizable.strings in Resources */,
			);
			runOnlyForDeploymentPostprocessing = 0;
		};
		9E2C6E5A211F4ADF00091EF6 /* Resources */ = {
			isa = PBXResourcesBuildPhase;
			buildActionMask = 2147483647;
			files = (
			);
			runOnlyForDeploymentPostprocessing = 0;
		};
		9E2C6E65211F4ADF00091EF6 /* Resources */ = {
			isa = PBXResourcesBuildPhase;
			buildActionMask = 2147483647;
			files = (
			);
			runOnlyForDeploymentPostprocessing = 0;
		};
/* End PBXResourcesBuildPhase section */

/* Begin PBXShellScriptBuildPhase section */
		03E66479A8226E45CE77A3D7 /* [CP] Check Pods Manifest.lock */ = {
			isa = PBXShellScriptBuildPhase;
			buildActionMask = 2147483647;
			files = (
			);
			inputPaths = (
				"${PODS_PODFILE_DIR_PATH}/Podfile.lock",
				"${PODS_ROOT}/Manifest.lock",
			);
			name = "[CP] Check Pods Manifest.lock";
			outputPaths = (
				"$(DERIVED_FILE_DIR)/Pods-ScanProject-checkManifestLockResult.txt",
			);
			runOnlyForDeploymentPostprocessing = 0;
			shellPath = /bin/sh;
			shellScript = "diff \"${PODS_PODFILE_DIR_PATH}/Podfile.lock\" \"${PODS_ROOT}/Manifest.lock\" > /dev/null\nif [ $? != 0 ] ; then\n    # print error to STDERR\n    echo \"error: The sandbox is not in sync with the Podfile.lock. Run 'pod install' or update your CocoaPods installation.\" >&2\n    exit 1\nfi\n# This output is used by Xcode 'outputs' to avoid re-running this script phase.\necho \"SUCCESS\" > \"${SCRIPT_OUTPUT_FILE_0}\"\n";
			showEnvVarsInLog = 0;
		};
		0B89B3B3CE37D8B0C7204E66 /* [CP] Embed Pods Frameworks */ = {
			isa = PBXShellScriptBuildPhase;
			buildActionMask = 2147483647;
			files = (
			);
			inputFileListPaths = (
				"${PODS_ROOT}/Target Support Files/Pods-ScanProject/Pods-ScanProject-frameworks-${CONFIGURATION}-input-files.xcfilelist",
			);
			name = "[CP] Embed Pods Frameworks";
			outputFileListPaths = (
				"${PODS_ROOT}/Target Support Files/Pods-ScanProject/Pods-ScanProject-frameworks-${CONFIGURATION}-output-files.xcfilelist",
			);
			runOnlyForDeploymentPostprocessing = 0;
			shellPath = /bin/sh;
			shellScript = "\"${PODS_ROOT}/Target Support Files/Pods-ScanProject/Pods-ScanProject-frameworks.sh\"\n";
			showEnvVarsInLog = 0;
		};
		9D3A1CA587807BA6264BA487 /* [CP] Check Pods Manifest.lock */ = {
			isa = PBXShellScriptBuildPhase;
			buildActionMask = 2147483647;
			files = (
			);
			inputPaths = (
				"${PODS_PODFILE_DIR_PATH}/Podfile.lock",
				"${PODS_ROOT}/Manifest.lock",
			);
			name = "[CP] Check Pods Manifest.lock";
			outputPaths = (
				"$(DERIVED_FILE_DIR)/Pods-ScanProjectUITests-checkManifestLockResult.txt",
			);
			runOnlyForDeploymentPostprocessing = 0;
			shellPath = /bin/sh;
			shellScript = "diff \"${PODS_PODFILE_DIR_PATH}/Podfile.lock\" \"${PODS_ROOT}/Manifest.lock\" > /dev/null\nif [ $? != 0 ] ; then\n    # print error to STDERR\n    echo \"error: The sandbox is not in sync with the Podfile.lock. Run 'pod install' or update your CocoaPods installation.\" >&2\n    exit 1\nfi\n# This output is used by Xcode 'outputs' to avoid re-running this script phase.\necho \"SUCCESS\" > \"${SCRIPT_OUTPUT_FILE_0}\"\n";
			showEnvVarsInLog = 0;
		};
		C1D4E02680582C8583DD8624 /* [CP] Check Pods Manifest.lock */ = {
			isa = PBXShellScriptBuildPhase;
			buildActionMask = 2147483647;
			files = (
			);
			inputPaths = (
				"${PODS_PODFILE_DIR_PATH}/Podfile.lock",
				"${PODS_ROOT}/Manifest.lock",
			);
			name = "[CP] Check Pods Manifest.lock";
			outputPaths = (
				"$(DERIVED_FILE_DIR)/Pods-ScanProjectTests-checkManifestLockResult.txt",
			);
			runOnlyForDeploymentPostprocessing = 0;
			shellPath = /bin/sh;
			shellScript = "diff \"${PODS_PODFILE_DIR_PATH}/Podfile.lock\" \"${PODS_ROOT}/Manifest.lock\" > /dev/null\nif [ $? != 0 ] ; then\n    # print error to STDERR\n    echo \"error: The sandbox is not in sync with the Podfile.lock. Run 'pod install' or update your CocoaPods installation.\" >&2\n    exit 1\nfi\n# This output is used by Xcode 'outputs' to avoid re-running this script phase.\necho \"SUCCESS\" > \"${SCRIPT_OUTPUT_FILE_0}\"\n";
			showEnvVarsInLog = 0;
		};
/* End PBXShellScriptBuildPhase section */

/* Begin PBXSourcesBuildPhase section */
		9E2C6E44211F4ADD00091EF6 /* Sources */ = {
			isa = PBXSourcesBuildPhase;
			buildActionMask = 2147483647;
			files = (
				9E27B29722F1272F004638A1 /* SPIndexCollectionView.swift in Sources */,
				9E27B29322F04724004638A1 /* SPKeyboardView.swift in Sources */,
				9E05D68B22F2834700D9E907 /* SPScanResultVC.swift in Sources */,
				9EDCFA4B22EFE20F0058F291 /* SPIndexVC.swift in Sources */,
				9EDC27AB22EBF27D00F22529 /* SPScanVC.swift in Sources */,
				9EDCFA5322F01F6B0058F291 /* SPMoreVC.swift in Sources */,
				9EDCFA5722F02EBC0058F291 /* SPBusinessCardView.swift in Sources */,
				9E05D6AA22F3EA2900D9E907 /* SPAddTextToolView.swift in Sources */,
				9E05D6B422F4303800D9E907 /* SPTextToolView.swift in Sources */,
				9E05D68D22F2D3C000D9E907 /* SPSelectColorVC.swift in Sources */,
				9EDCFA5922F02ED20058F291 /* SPWifiView.swift in Sources */,
				9E05D69522F2E1E700D9E907 /* SPColorView.swift in Sources */,
				9EDC27A922EBF16B00F22529 /* SPBaseNavVC.swift in Sources */,
				9EDC27AF22EBF31A00F22529 /* SPHistoryVC.swift in Sources */,
				9E9D744622EC22570033A259 /* SPVideoPreviewLayerView.swift in Sources */,
				9E05D6B022F41E8300D9E907 /* SPSelectImgToolView.swift in Sources */,
				9EDCFA5122F01E520058F291 /* SPAppUtility.swift in Sources */,
				9E05D69122F2D56D00D9E907 /* SPSelectImgVC.swift in Sources */,
				9EDCFA3F22EEE6E90058F291 /* SPQRCodeModel.swift in Sources */,
				9E05D6AC22F4095500D9E907 /* SPFontNameView.swift in Sources */,
				9E27B29922F12747004638A1 /* SPIndexModel.swift in Sources */,
				9E05D68F22F2D4F100D9E907 /* SPTextVC.swift in Sources */,
				9EDC27AD22EBF2F400F22529 /* SPQRCodeVC.swift in Sources */,
				9E05D69322F2DC9900D9E907 /* SPVoiceManager.swift in Sources */,
				9E05D69A22F2EA8900D9E907 /* SPQRCodeView.swift in Sources */,
				9E05D6B622F43A6B00D9E907 /* SPSliderView.swift in Sources */,
				9E9D745D22EE911F0033A259 /* SPEnum.swift in Sources */,
				9E2C6E4C211F4ADD00091EF6 /* AppDelegate.swift in Sources */,
				9E9D744822EC227A0033A259 /* SPScanManager.swift in Sources */,
				9EDC27A722EBEF2C00F22529 /* SPBaseVC.swift in Sources */,
				9EDCFA4F22F01C450058F291 /* SPHistoryListVC.swift in Sources */,
				9E27B29B22F14307004638A1 /* SPQRCodeToolView.swift in Sources */,
				9E27B29522F12370004638A1 /* SPIndexCollectionCell.swift in Sources */,
				9E9D745F22EEC2BD0033A259 /* SPVoiceVC.swift in Sources */,
				9EDCFA5522F02D6A0058F291 /* SPIndexTextView.swift in Sources */,
				9EDCFA5B22F0380E0058F291 /* SPIndexView.swift in Sources */,
				9E9D05E622FBAC1B00D89C94 /* SPHistoryListTableCell.swift in Sources */,
				9E9D05E122FACD0100D89C94 /* SPDataBase.swift in Sources */,
				9EDCFA4D22EFE7C80058F291 /* SPIndexToolView.swift in Sources */,
				9E05D6A822F3DE6200D9E907 /* SPAddTextVC.swift in Sources */,
				9E9D05C522F81FAE00D89C94 /* SPQRCodeDataModel.swift in Sources */,
				9EDCFA3D22EEE6CE0058F291 /* SPBaseModel.swift in Sources */,
			);
			runOnlyForDeploymentPostprocessing = 0;
		};
		9E2C6E58211F4ADF00091EF6 /* Sources */ = {
			isa = PBXSourcesBuildPhase;
			buildActionMask = 2147483647;
			files = (
				9E2C6E61211F4ADF00091EF6 /* ScanProjectTests.swift in Sources */,
			);
			runOnlyForDeploymentPostprocessing = 0;
		};
		9E2C6E63211F4ADF00091EF6 /* Sources */ = {
			isa = PBXSourcesBuildPhase;
			buildActionMask = 2147483647;
			files = (
				9E2C6E6C211F4ADF00091EF6 /* ScanProjectUITests.swift in Sources */,
			);
			runOnlyForDeploymentPostprocessing = 0;
		};
/* End PBXSourcesBuildPhase section */

/* Begin PBXTargetDependency section */
		9E2C6E5E211F4ADF00091EF6 /* PBXTargetDependency */ = {
			isa = PBXTargetDependency;
			target = 9E2C6E47211F4ADD00091EF6 /* ScanProject */;
			targetProxy = 9E2C6E5D211F4ADF00091EF6 /* PBXContainerItemProxy */;
		};
		9E2C6E69211F4ADF00091EF6 /* PBXTargetDependency */ = {
			isa = PBXTargetDependency;
			target = 9E2C6E47211F4ADD00091EF6 /* ScanProject */;
			targetProxy = 9E2C6E68211F4ADF00091EF6 /* PBXContainerItemProxy */;
		};
/* End PBXTargetDependency section */

/* Begin PBXVariantGroup section */
		9EDC279622EB04D200F22529 /* Localizable.strings */ = {
			isa = PBXVariantGroup;
			children = (
				9EDC279522EB04D200F22529 /* en */,
				9EDC279722EB04E200F22529 /* zh-Hans */,
			);
			name = Localizable.strings;
			sourceTree = "<group>";
		};
		9EDC279C22EB052D00F22529 /* InfoPlist.strings */ = {
			isa = PBXVariantGroup;
			children = (
				9EDC279B22EB052D00F22529 /* zh-Hans */,
				9EDC279D22EB052E00F22529 /* en */,
			);
			name = InfoPlist.strings;
			sourceTree = "<group>";
		};
/* End PBXVariantGroup section */

/* Begin XCBuildConfiguration section */
		9E2C6E6E211F4ADF00091EF6 /* Debug */ = {
			isa = XCBuildConfiguration;
			buildSettings = {
				ALWAYS_SEARCH_USER_PATHS = NO;
				CLANG_ANALYZER_LOCALIZABILITY_NONLOCALIZED = YES;
				CLANG_ANALYZER_NONNULL = YES;
				CLANG_ANALYZER_NUMBER_OBJECT_CONVERSION = YES_AGGRESSIVE;
				CLANG_CXX_LANGUAGE_STANDARD = "gnu++14";
				CLANG_CXX_LIBRARY = "libc++";
				CLANG_ENABLE_MODULES = YES;
				CLANG_ENABLE_OBJC_ARC = YES;
				CLANG_ENABLE_OBJC_WEAK = YES;
				CLANG_WARN_BLOCK_CAPTURE_AUTORELEASING = YES;
				CLANG_WARN_BOOL_CONVERSION = YES;
				CLANG_WARN_COMMA = YES;
				CLANG_WARN_CONSTANT_CONVERSION = YES;
				CLANG_WARN_DEPRECATED_OBJC_IMPLEMENTATIONS = YES;
				CLANG_WARN_DIRECT_OBJC_ISA_USAGE = YES_ERROR;
				CLANG_WARN_DOCUMENTATION_COMMENTS = YES;
				CLANG_WARN_EMPTY_BODY = YES;
				CLANG_WARN_ENUM_CONVERSION = YES;
				CLANG_WARN_INFINITE_RECURSION = YES;
				CLANG_WARN_INT_CONVERSION = YES;
				CLANG_WARN_NON_LITERAL_NULL_CONVERSION = YES;
				CLANG_WARN_OBJC_IMPLICIT_RETAIN_SELF = YES;
				CLANG_WARN_OBJC_LITERAL_CONVERSION = YES;
				CLANG_WARN_OBJC_ROOT_CLASS = YES_ERROR;
				CLANG_WARN_RANGE_LOOP_ANALYSIS = YES;
				CLANG_WARN_STRICT_PROTOTYPES = YES;
				CLANG_WARN_SUSPICIOUS_MOVE = YES;
				CLANG_WARN_UNGUARDED_AVAILABILITY = YES_AGGRESSIVE;
				CLANG_WARN_UNREACHABLE_CODE = YES;
				CLANG_WARN__DUPLICATE_METHOD_MATCH = YES;
				CODE_SIGN_IDENTITY = "iPhone Developer";
				COPY_PHASE_STRIP = NO;
				DEBUG_INFORMATION_FORMAT = dwarf;
				ENABLE_STRICT_OBJC_MSGSEND = YES;
				ENABLE_TESTABILITY = YES;
				GCC_C_LANGUAGE_STANDARD = gnu11;
				GCC_DYNAMIC_NO_PIC = NO;
				GCC_NO_COMMON_BLOCKS = YES;
				GCC_OPTIMIZATION_LEVEL = 0;
				GCC_PREPROCESSOR_DEFINITIONS = (
					"DEBUG=1",
					"$(inherited)",
				);
				GCC_WARN_64_TO_32_BIT_CONVERSION = YES;
				GCC_WARN_ABOUT_RETURN_TYPE = YES_ERROR;
				GCC_WARN_UNDECLARED_SELECTOR = YES;
				GCC_WARN_UNINITIALIZED_AUTOS = YES_AGGRESSIVE;
				GCC_WARN_UNUSED_FUNCTION = YES;
				GCC_WARN_UNUSED_VARIABLE = YES;
				IPHONEOS_DEPLOYMENT_TARGET = 11.4;
				MTL_ENABLE_DEBUG_INFO = YES;
				ONLY_ACTIVE_ARCH = YES;
				SDKROOT = iphoneos;
				SWIFT_ACTIVE_COMPILATION_CONDITIONS = DEBUG;
				SWIFT_OPTIMIZATION_LEVEL = "-Onone";
			};
			name = Debug;
		};
		9E2C6E6F211F4ADF00091EF6 /* Release */ = {
			isa = XCBuildConfiguration;
			buildSettings = {
				ALWAYS_SEARCH_USER_PATHS = NO;
				CLANG_ANALYZER_LOCALIZABILITY_NONLOCALIZED = YES;
				CLANG_ANALYZER_NONNULL = YES;
				CLANG_ANALYZER_NUMBER_OBJECT_CONVERSION = YES_AGGRESSIVE;
				CLANG_CXX_LANGUAGE_STANDARD = "gnu++14";
				CLANG_CXX_LIBRARY = "libc++";
				CLANG_ENABLE_MODULES = YES;
				CLANG_ENABLE_OBJC_ARC = YES;
				CLANG_ENABLE_OBJC_WEAK = YES;
				CLANG_WARN_BLOCK_CAPTURE_AUTORELEASING = YES;
				CLANG_WARN_BOOL_CONVERSION = YES;
				CLANG_WARN_COMMA = YES;
				CLANG_WARN_CONSTANT_CONVERSION = YES;
				CLANG_WARN_DEPRECATED_OBJC_IMPLEMENTATIONS = YES;
				CLANG_WARN_DIRECT_OBJC_ISA_USAGE = YES_ERROR;
				CLANG_WARN_DOCUMENTATION_COMMENTS = YES;
				CLANG_WARN_EMPTY_BODY = YES;
				CLANG_WARN_ENUM_CONVERSION = YES;
				CLANG_WARN_INFINITE_RECURSION = YES;
				CLANG_WARN_INT_CONVERSION = YES;
				CLANG_WARN_NON_LITERAL_NULL_CONVERSION = YES;
				CLANG_WARN_OBJC_IMPLICIT_RETAIN_SELF = YES;
				CLANG_WARN_OBJC_LITERAL_CONVERSION = YES;
				CLANG_WARN_OBJC_ROOT_CLASS = YES_ERROR;
				CLANG_WARN_RANGE_LOOP_ANALYSIS = YES;
				CLANG_WARN_STRICT_PROTOTYPES = YES;
				CLANG_WARN_SUSPICIOUS_MOVE = YES;
				CLANG_WARN_UNGUARDED_AVAILABILITY = YES_AGGRESSIVE;
				CLANG_WARN_UNREACHABLE_CODE = YES;
				CLANG_WARN__DUPLICATE_METHOD_MATCH = YES;
				CODE_SIGN_IDENTITY = "iPhone Developer";
				COPY_PHASE_STRIP = NO;
				DEBUG_INFORMATION_FORMAT = "dwarf-with-dsym";
				ENABLE_NS_ASSERTIONS = NO;
				ENABLE_STRICT_OBJC_MSGSEND = YES;
				GCC_C_LANGUAGE_STANDARD = gnu11;
				GCC_NO_COMMON_BLOCKS = YES;
				GCC_WARN_64_TO_32_BIT_CONVERSION = YES;
				GCC_WARN_ABOUT_RETURN_TYPE = YES_ERROR;
				GCC_WARN_UNDECLARED_SELECTOR = YES;
				GCC_WARN_UNINITIALIZED_AUTOS = YES_AGGRESSIVE;
				GCC_WARN_UNUSED_FUNCTION = YES;
				GCC_WARN_UNUSED_VARIABLE = YES;
				IPHONEOS_DEPLOYMENT_TARGET = 11.4;
				MTL_ENABLE_DEBUG_INFO = NO;
				SDKROOT = iphoneos;
				SWIFT_COMPILATION_MODE = wholemodule;
				SWIFT_OPTIMIZATION_LEVEL = "-O";
				VALIDATE_PRODUCT = YES;
			};
			name = Release;
		};
		9E2C6E71211F4ADF00091EF6 /* Debug */ = {
			isa = XCBuildConfiguration;
			baseConfigurationReference = 7EC795862083D1324EED2276 /* Pods-ScanProject.debug.xcconfig */;
			buildSettings = {
				ASSETCATALOG_COMPILER_APPICON_NAME = AppIcon;
				ASSETCATALOG_COMPILER_LAUNCHIMAGE_NAME = LaunchImage;
				CODE_SIGN_STYLE = Manual;
				DEVELOPMENT_TEAM = 2X8ED8ZMS2;
				INFOPLIST_FILE = ScanProject/Info.plist;
				IPHONEOS_DEPLOYMENT_TARGET = 10.0;
				LD_RUNPATH_SEARCH_PATHS = (
					"$(inherited)",
					"@executable_path/Frameworks",
				);
				PRODUCT_BUNDLE_IDENTIFIER = com.shupenghuang.scan;
				PRODUCT_NAME = "$(TARGET_NAME)";
				PROVISIONING_PROFILE_SPECIFIER = ScanDev;
				SWIFT_VERSION = 4.2;
				TARGETED_DEVICE_FAMILY = 1;
			};
			name = Debug;
		};
		9E2C6E72211F4ADF00091EF6 /* Release */ = {
			isa = XCBuildConfiguration;
			baseConfigurationReference = 61162F300980A3215E3EFB15 /* Pods-ScanProject.release.xcconfig */;
			buildSettings = {
				ASSETCATALOG_COMPILER_APPICON_NAME = AppIcon;
				ASSETCATALOG_COMPILER_LAUNCHIMAGE_NAME = LaunchImage;
				CODE_SIGN_IDENTITY = "iPhone Distribution";
				CODE_SIGN_STYLE = Manual;
				DEVELOPMENT_TEAM = 2X8ED8ZMS2;
				INFOPLIST_FILE = ScanProject/Info.plist;
				IPHONEOS_DEPLOYMENT_TARGET = 10.0;
				LD_RUNPATH_SEARCH_PATHS = (
					"$(inherited)",
					"@executable_path/Frameworks",
				);
				PRODUCT_BUNDLE_IDENTIFIER = com.shupenghuang.scan;
				PRODUCT_NAME = "$(TARGET_NAME)";
				PROVISIONING_PROFILE_SPECIFIER = ScanAdhoc;
				SWIFT_VERSION = 4.2;
				TARGETED_DEVICE_FAMILY = 1;
			};
			name = Release;
		};
		9E2C6E74211F4ADF00091EF6 /* Debug */ = {
			isa = XCBuildConfiguration;
			baseConfigurationReference = DE3210EA894AD6791A8222A7 /* Pods-ScanProjectTests.debug.xcconfig */;
			buildSettings = {
				ALWAYS_EMBED_SWIFT_STANDARD_LIBRARIES = YES;
				BUNDLE_LOADER = "$(TEST_HOST)";
				CODE_SIGN_STYLE = Automatic;
				DEVELOPMENT_TEAM = 2X8ED8ZMS2;
				INFOPLIST_FILE = ScanProjectTests/Info.plist;
				LD_RUNPATH_SEARCH_PATHS = (
					"$(inherited)",
					"@executable_path/Frameworks",
					"@loader_path/Frameworks",
				);
				PRODUCT_BUNDLE_IDENTIFIER = com.shupenghuang.scan.ScanProjectTests;
				PRODUCT_NAME = "$(TARGET_NAME)";
				SWIFT_VERSION = 4.0;
				TARGETED_DEVICE_FAMILY = "1,2";
				TEST_HOST = "$(BUILT_PRODUCTS_DIR)/ScanProject.app/ScanProject";
			};
			name = Debug;
		};
		9E2C6E75211F4ADF00091EF6 /* Release */ = {
			isa = XCBuildConfiguration;
			baseConfigurationReference = F9FC62B018139B6E903C35FC /* Pods-ScanProjectTests.release.xcconfig */;
			buildSettings = {
				ALWAYS_EMBED_SWIFT_STANDARD_LIBRARIES = YES;
				BUNDLE_LOADER = "$(TEST_HOST)";
				CODE_SIGN_STYLE = Automatic;
				DEVELOPMENT_TEAM = 2X8ED8ZMS2;
				INFOPLIST_FILE = ScanProjectTests/Info.plist;
				LD_RUNPATH_SEARCH_PATHS = (
					"$(inherited)",
					"@executable_path/Frameworks",
					"@loader_path/Frameworks",
				);
				PRODUCT_BUNDLE_IDENTIFIER = com.shupenghuang.scan.ScanProjectTests;
				PRODUCT_NAME = "$(TARGET_NAME)";
				SWIFT_VERSION = 4.0;
				TARGETED_DEVICE_FAMILY = "1,2";
				TEST_HOST = "$(BUILT_PRODUCTS_DIR)/ScanProject.app/ScanProject";
			};
			name = Release;
		};
		9E2C6E77211F4ADF00091EF6 /* Debug */ = {
			isa = XCBuildConfiguration;
			baseConfigurationReference = BF32F7A0EBCB791EC1834E55 /* Pods-ScanProjectUITests.debug.xcconfig */;
			buildSettings = {
				ALWAYS_EMBED_SWIFT_STANDARD_LIBRARIES = YES;
				CODE_SIGN_STYLE = Automatic;
				DEVELOPMENT_TEAM = 2X8ED8ZMS2;
				INFOPLIST_FILE = ScanProjectUITests/Info.plist;
				LD_RUNPATH_SEARCH_PATHS = (
					"$(inherited)",
					"@executable_path/Frameworks",
					"@loader_path/Frameworks",
				);
				PRODUCT_BUNDLE_IDENTIFIER = com.shupenghuang.scan.ScanProjectUITests;
				PRODUCT_NAME = "$(TARGET_NAME)";
				SWIFT_VERSION = 4.0;
				TARGETED_DEVICE_FAMILY = "1,2";
				TEST_TARGET_NAME = ScanProject;
			};
			name = Debug;
		};
		9E2C6E78211F4ADF00091EF6 /* Release */ = {
			isa = XCBuildConfiguration;
			baseConfigurationReference = BAAA7C57A16F6356379F387F /* Pods-ScanProjectUITests.release.xcconfig */;
			buildSettings = {
				ALWAYS_EMBED_SWIFT_STANDARD_LIBRARIES = YES;
				CODE_SIGN_STYLE = Automatic;
				DEVELOPMENT_TEAM = 2X8ED8ZMS2;
				INFOPLIST_FILE = ScanProjectUITests/Info.plist;
				LD_RUNPATH_SEARCH_PATHS = (
					"$(inherited)",
					"@executable_path/Frameworks",
					"@loader_path/Frameworks",
				);
				PRODUCT_BUNDLE_IDENTIFIER = com.shupenghuang.scan.ScanProjectUITests;
				PRODUCT_NAME = "$(TARGET_NAME)";
				SWIFT_VERSION = 4.0;
				TARGETED_DEVICE_FAMILY = "1,2";
				TEST_TARGET_NAME = ScanProject;
			};
			name = Release;
		};
/* End XCBuildConfiguration section */

/* Begin XCConfigurationList section */
		9E2C6E43211F4ADD00091EF6 /* Build configuration list for PBXProject "ScanProject" */ = {
			isa = XCConfigurationList;
			buildConfigurations = (
				9E2C6E6E211F4ADF00091EF6 /* Debug */,
				9E2C6E6F211F4ADF00091EF6 /* Release */,
			);
			defaultConfigurationIsVisible = 0;
			defaultConfigurationName = Release;
		};
		9E2C6E70211F4ADF00091EF6 /* Build configuration list for PBXNativeTarget "ScanProject" */ = {
			isa = XCConfigurationList;
			buildConfigurations = (
				9E2C6E71211F4ADF00091EF6 /* Debug */,
				9E2C6E72211F4ADF00091EF6 /* Release */,
			);
			defaultConfigurationIsVisible = 0;
			defaultConfigurationName = Release;
		};
		9E2C6E73211F4ADF00091EF6 /* Build configuration list for PBXNativeTarget "ScanProjectTests" */ = {
			isa = XCConfigurationList;
			buildConfigurations = (
				9E2C6E74211F4ADF00091EF6 /* Debug */,
				9E2C6E75211F4ADF00091EF6 /* Release */,
			);
			defaultConfigurationIsVisible = 0;
			defaultConfigurationName = Release;
		};
		9E2C6E76211F4ADF00091EF6 /* Build configuration list for PBXNativeTarget "ScanProjectUITests" */ = {
			isa = XCConfigurationList;
			buildConfigurations = (
				9E2C6E77211F4ADF00091EF6 /* Debug */,
				9E2C6E78211F4ADF00091EF6 /* Release */,
			);
			defaultConfigurationIsVisible = 0;
			defaultConfigurationName = Release;
		};
/* End XCConfigurationList section */
	};
	rootObject = 9E2C6E40211F4ADD00091EF6 /* Project object */;
}
